{
  "lockfileVersion": 3,
  "name": "manifold",
  "packages": {
    "": {
      "dependencies": {
        "marked": "18.0.10",
        "tailwindcss": "4.3.3"
      },
      "name": "manifold",
      "workspaces": [
        "apps/*"
      ]
    },
    "apps/manifold_web": {
      "dependencies": {
        "@duskmoon-dev/core": "1.18.1",
        "phoenix_duskmoon": "9.12.1"
      },
      "name": "manifold_web"
    },
    "node_modules/@duskmoon-dev/art-elements": {
      "dependencies": {
        "@duskmoon-dev/el-art-atom": "1.7.2",
        "@duskmoon-dev/el-art-cat-stargazer": "1.7.2",
        "@duskmoon-dev/el-art-circular-gallery": "1.7.2",
        "@duskmoon-dev/el-art-color-spin": "1.7.2",
        "@duskmoon-dev/el-art-csswitch": "1.7.2",
        "@duskmoon-dev/el-art-eclipse": "1.7.2",
        "@duskmoon-dev/el-art-flower-animation": "1.7.2",
        "@duskmoon-dev/el-art-gemini-input": "1.7.2",
        "@duskmoon-dev/el-art-moon": "1.7.2",
        "@duskmoon-dev/el-art-mountain": "1.7.2",
        "@duskmoon-dev/el-art-plasma-ball": "1.7.2",
        "@duskmoon-dev/el-art-snow": "1.7.2",
        "@duskmoon-dev/el-art-snowball-preloader": "1.7.2",
        "@duskmoon-dev/el-art-sun": "1.7.2",
        "@duskmoon-dev/el-art-synthwave-starfield": "1.7.2",
        "@duskmoon-dev/el-base": "1.7.2"
      },
      "integrity": "sha512-Z4auxhZn/x0NAt8z1WJPKLo/f8ZI8wtAulZpzqVBiU/f8Qoh6gKPtYlHBVZZiuv207ocUlLeVIvNLHID86cbRw==",
      "resolved": "https://registry.npmjs.org/@duskmoon-dev/art-elements/-/art-elements-1.7.2.tgz",
      "version": "1.7.2"
    },
    "node_modules/@duskmoon-dev/code-engine": {
      "integrity": "sha512-XISK4ryunvSC+Hv5WRqU6IGTWjpHErBdvr9sqMKWmXLsqCHCEel2ujeVWvP1ZcUcv3SlI63XnJ2RgP+Eq73tyw==",
      "resolved": "https://registry.npmjs.org/@duskmoon-dev/code-engine/-/code-engine-0.3.0.tgz",
      "version": "0.3.0"
    },
    "node_modules/@duskmoon-dev/core": {
      "integrity": "sha512-gIKIDOl78V5nO6D3UDgvtuX18wQkPocK0DE4N/3Yz95vhjDfVdVOzDwcX6OOhZAd1WDSTtC1bnCzkK3d9+AXsQ==",
      "resolved": "https://registry.npmjs.org/@duskmoon-dev/core/-/core-1.18.1.tgz",
      "version": "1.18.1"
    },
    "node_modules/@duskmoon-dev/css-art": {
      "integrity": "sha512-mzygGIUVTukhTE4yURHGQs8KLzdD25yAMxWyxxz1ADmUoeP3D88flyYXpsRn9AEybiWt+jlPvv/giJvGaPSUDA==",
      "resolved": "https://registry.npmjs.org/@duskmoon-dev/css-art/-/css-art-1.18.1.tgz",
      "version": "1.18.1"
    },
    "node_modules/@duskmoon-dev/el-accordion": {
      "dependencies": {
        "@duskmoon-dev/core": "1.18.1",
        "@duskmoon-dev/el-base": "1.7.2"
      },
      "integrity": "sha512-GSpXA+XUii5wxO8G4TZm3XcuJdr72H334jWLOGobtglAHWztZhhcn7+3vuaY41Kyo7EQrImZ/ErzEVIeaaxkTQ==",
      "resolved": "https://registry.npmjs.org/@duskmoon-dev/el-accordion/-/el-accordion-1.7.2.tgz",
      "version": "1.7.2"
    },
    "node_modules/@duskmoon-dev/el-alert": {
      "dependencies": {
        "@duskmoon-dev/core": "1.18.1",
        "@duskmoon-dev/el-base": "1.7.2"
      },
      "integrity": "sha512-QllpGQwQ7PfpT+lbHtRfiBfblldPxI1plPgZUN5onSXWi9qoHL69MXwJXtniKEy3SDX/yn/auQwAUmvxm2QQfw==",
      "resolved": "https://registry.npmjs.org/@duskmoon-dev/el-alert/-/el-alert-1.7.2.tgz",
      "version": "1.7.2"
    },
    "node_modules/@duskmoon-dev/el-art-atom": {
      "dependencies": {
        "@duskmoon-dev/css-art": "1.18.1",
        "@duskmoon-dev/el-base": "1.7.2"
      },
      "integrity": "sha512-rRG8KOk1X7o5X7C9/1s+RSmpoS5RCNBtK1M6tL1V79mV52UjSoXwajLWsuww9N4dnRsuuwiBJVUN+XVMIkk1JA==",
      "resolved": "https://registry.npmjs.org/@duskmoon-dev/el-art-atom/-/el-art-atom-1.7.2.tgz",
      "version": "1.7.2"
    },
    "node_modules/@duskmoon-dev/el-art-cat-stargazer": {
      "dependencies": {
        "@duskmoon-dev/css-art": "1.18.1",
        "@duskmoon-dev/el-base": "1.7.2"
      },
      "integrity": "sha512-n2jXh//yMXCCc0a22mhw2taozhJzlTK/esaDIksQ+iIQahGZbMjcTswBh12ee1TaMvRfQhW8pnQHwvccEGOkfw==",
      "resolved": "https://registry.npmjs.org/@duskmoon-dev/el-art-cat-stargazer/-/el-art-cat-stargazer-1.7.2.tgz",
      "version": "1.7.2"
    },
    "node_modules/@duskmoon-dev/el-art-circular-gallery": {
      "dependencies": {
        "@duskmoon-dev/css-art": "1.18.1",
        "@duskmoon-dev/el-base": "1.7.2"
      },
      "integrity": "sha512-CHrYIt1ViyG/Tvp2Hnjqdkhs++MPItVyIpVJpgqd1DMXrtEltOXIoiHD8uTryQUSwZaxPisApjj6CqRnzZNcNQ==",
      "resolved": "https://registry.npmjs.org/@duskmoon-dev/el-art-circular-gallery/-/el-art-circular-gallery-1.7.2.tgz",
      "version": "1.7.2"
    },
    "node_modules/@duskmoon-dev/el-art-color-spin": {
      "dependencies": {
        "@duskmoon-dev/css-art": "1.18.1",
        "@duskmoon-dev/el-base": "1.7.2"
      },
      "integrity": "sha512-CUyGF6cDp6omvQH+OODpjXR5TYUEvx7yY1ZPMRGTvnVeobSNL0PlVe1zFCE1IlIi9KFo7CuffgPk/DQcA+sn3Q==",
      "resolved": "https://registry.npmjs.org/@duskmoon-dev/el-art-color-spin/-/el-art-color-spin-1.7.2.tgz",
      "version": "1.7.2"
    },
    "node_modules/@duskmoon-dev/el-art-csswitch": {
      "dependencies": {
        "@duskmoon-dev/css-art": "1.18.1",
        "@duskmoon-dev/el-base": "1.7.2"
      },
      "integrity": "sha512-JKFdLl1CoCvCLTl1LJIByga2VUaNIRhoAj/0HCId7CVoBC0SbhJcLI1B63cgZjivSA7j3o9imCrbac3onl0/PQ==",
      "resolved": "https://registry.npmjs.org/@duskmoon-dev/el-art-csswitch/-/el-art-csswitch-1.7.2.tgz",
      "version": "1.7.2"
    },
    "node_modules/@duskmoon-dev/el-art-eclipse": {
      "dependencies": {
        "@duskmoon-dev/css-art": "1.18.1",
        "@duskmoon-dev/el-base": "1.7.2"
      },
      "integrity": "sha512-NkajjQK3L6PX3TesTkR6aRvyz5VSzR7+KzlyyxyWnehhULZmJPsp5nYjp+yVOdiiaeOtoytEf0WY22lMbNzZ7g==",
      "resolved": "https://registry.npmjs.org/@duskmoon-dev/el-art-eclipse/-/el-art-eclipse-1.7.2.tgz",
      "version": "1.7.2"
    },
    "node_modules/@duskmoon-dev/el-art-flower-animation": {
      "dependencies": {
        "@duskmoon-dev/css-art": "1.18.1",
        "@duskmoon-dev/el-base": "1.7.2"
      },
      "integrity": "sha512-I2hm1nLnDcrMCVBGN19i8J6fAfVIK4ka5PWcNQzP9rM8iV3aN1+D4s3l0+c1LAcf9GE272Bp05DS9KRiyRRTsQ==",
      "resolved": "https://registry.npmjs.org/@duskmoon-dev/el-art-flower-animation/-/el-art-flower-animation-1.7.2.tgz",
      "version": "1.7.2"
    },
    "node_modules/@duskmoon-dev/el-art-gemini-input": {
      "dependencies": {
        "@duskmoon-dev/css-art": "1.18.1",
        "@duskmoon-dev/el-base": "1.7.2"
      },
      "integrity": "sha512-FbyJwOKwdBl9yY/uBx2/3JVPX12EQrPLvKyuYH3JwrLNRejnCMsaEyhBKacGjHBRhPVXM+yiM98ETtK1wi3gsg==",
      "resolved": "https://registry.npmjs.org/@duskmoon-dev/el-art-gemini-input/-/el-art-gemini-input-1.7.2.tgz",
      "version": "1.7.2"
    },
    "node_modules/@duskmoon-dev/el-art-moon": {
      "dependencies": {
        "@duskmoon-dev/css-art": "1.18.1",
        "@duskmoon-dev/el-base": "1.7.2"
      },
      "integrity": "sha512-OuZ2wNGyUTXMdS8KLZPEWA7OcxQyLcAcTpH9HN22RCaQV4s2WqSRh8j/f1xxnWuXul2H6o3xafLI3P+vqNsEvA==",
      "resolved": "https://registry.npmjs.org/@duskmoon-dev/el-art-moon/-/el-art-moon-1.7.2.tgz",
      "version": "1.7.2"
    },
    "node_modules/@duskmoon-dev/el-art-mountain": {
      "dependencies": {
        "@duskmoon-dev/css-art": "1.18.1",
        "@duskmoon-dev/el-base": "1.7.2"
      },
      "integrity": "sha512-3YR+DYida7TqIzFOIHnNK0EAm1iGMGbb6jzTJGjVnqUpFt8hEdbgZoWBq40Bw5A8u0PKT1mn58sAUkzU/MM/Pg==",
      "resolved": "https://registry.npmjs.org/@duskmoon-dev/el-art-mountain/-/el-art-mountain-1.7.2.tgz",
      "version": "1.7.2"
    },
    "node_modules/@duskmoon-dev/el-art-plasma-ball": {
      "dependencies": {
        "@duskmoon-dev/css-art": "1.18.1",
        "@duskmoon-dev/el-base": "1.7.2"
      },
      "integrity": "sha512-AkYnH7KToeK6szav2B0yQYkU4JAVa0ADL5xlAc3P8zvfpeEUGONZfuQfQoEKcQBiDzP4tjJ2xB+NTQxeFn/K2A==",
      "resolved": "https://registry.npmjs.org/@duskmoon-dev/el-art-plasma-ball/-/el-art-plasma-ball-1.7.2.tgz",
      "version": "1.7.2"
    },
    "node_modules/@duskmoon-dev/el-art-snow": {
      "dependencies": {
        "@duskmoon-dev/css-art": "1.18.1",
        "@duskmoon-dev/el-base": "1.7.2"
      },
      "integrity": "sha512-e9y7rBICgHipY5Bu3AkFXkUljfI4d9Icy9wRET6rxUwRxkizKh4wc4o87bAee34Z2KckQ1mkMz1g+B9vx262cQ==",
      "resolved": "https://registry.npmjs.org/@duskmoon-dev/el-art-snow/-/el-art-snow-1.7.2.tgz",
      "version": "1.7.2"
    },
    "node_modules/@duskmoon-dev/el-art-snowball-preloader": {
      "dependencies": {
        "@duskmoon-dev/css-art": "1.18.1",
        "@duskmoon-dev/el-base": "1.7.2"
      },
      "integrity": "sha512-FnnIVLmNE654Ivg27yWSro5uFQ3ep//Pv24PUTJKRW5Bx5wVDPYEndO/EYVRZIQGkdfBrehh1Mt53aI0v1BZQQ==",
      "resolved": "https://registry.npmjs.org/@duskmoon-dev/el-art-snowball-preloader/-/el-art-snowball-preloader-1.7.2.tgz",
      "version": "1.7.2"
    },
    "node_modules/@duskmoon-dev/el-art-sun": {
      "dependencies": {
        "@duskmoon-dev/css-art": "1.18.1",
        "@duskmoon-dev/el-base": "1.7.2"
      },
      "integrity": "sha512-2uQsxtZyL0Gcg4qFdNQFZI/nbUNEfEed4Dhpe3IU+oPg39cXVvuVG8lQNIAQrNGkDcRHN7/jNmtjCBKUEAXeug==",
      "resolved": "https://registry.npmjs.org/@duskmoon-dev/el-art-sun/-/el-art-sun-1.7.2.tgz",
      "version": "1.7.2"
    },
    "node_modules/@duskmoon-dev/el-art-synthwave-starfield": {
      "dependencies": {
        "@duskmoon-dev/css-art": "1.18.1",
        "@duskmoon-dev/el-base": "1.7.2"
      },
      "integrity": "sha512-wPOQRYf+5TWZonTlncGf5H2s6sURw4Fty41r/aQ0XvzJsWauE5YQ/s3AMTNXEdY4/rbtPDBmR4w8PdjA0M6X+A==",
      "resolved": "https://registry.npmjs.org/@duskmoon-dev/el-art-synthwave-starfield/-/el-art-synthwave-starfield-1.7.2.tgz",
      "version": "1.7.2"
    },
    "node_modules/@duskmoon-dev/el-autocomplete": {
      "dependencies": {
        "@duskmoon-dev/core": "1.18.1",
        "@duskmoon-dev/el-base": "1.7.2"
      },
      "integrity": "sha512-++aI2fG3nwjkzbbMt8C3iY3dGTYjtxosWW+V85xDg2Ko9j/LQxmagBRRyw417iz3I/pvTzsKEzv3IjLaV18EwA==",
      "resolved": "https://registry.npmjs.org/@duskmoon-dev/el-autocomplete/-/el-autocomplete-1.7.2.tgz",
      "version": "1.7.2"
    },
    "node_modules/@duskmoon-dev/el-badge": {
      "dependencies": {
        "@duskmoon-dev/core": "1.18.1",
        "@duskmoon-dev/el-base": "1.7.2"
      },
      "integrity": "sha512-4kHmL4UDQ9UrUXvUBS9h+3q5e9cyIjGi0jxOBulz+XhqSc37bX8BABXWU/1ws991IsQSeD8Ma27hlRupS1PXnw==",
      "resolved": "https://registry.npmjs.org/@duskmoon-dev/el-badge/-/el-badge-1.7.2.tgz",
      "version": "1.7.2"
    },
    "node_modules/@duskmoon-dev/el-base": {
      "integrity": "sha512-cCnVF56IGdqJa6Alh9bHWDsgqiUm8Poyti1u7V+tld6o8qedE87ern83nsFlaTrM7hAQKW6R1gnwgFpGlWzx5w==",
      "resolved": "https://registry.npmjs.org/@duskmoon-dev/el-base/-/el-base-1.7.2.tgz",
      "version": "1.7.2"
    },
    "node_modules/@duskmoon-dev/el-bottom-navigation": {
      "dependencies": {
        "@duskmoon-dev/core": "1.18.1",
        "@duskmoon-dev/el-base": "1.7.2"
      },
      "integrity": "sha512-uehCBkEeIrqHhEN0rFQjaNzAw1U3PzB4BL4fEsrPb5Bf/kX6feH9mQQSWSaZOba6+VPgUCrkaXrzfokXfM3gvQ==",
      "resolved": "https://registry.npmjs.org/@duskmoon-dev/el-bottom-navigation/-/el-bottom-navigation-1.7.2.tgz",
      "version": "1.7.2"
    },
    "node_modules/@duskmoon-dev/el-bottom-sheet": {
      "dependencies": {
        "@duskmoon-dev/core": "1.18.1",
        "@duskmoon-dev/el-base": "1.7.2"
      },
      "integrity": "sha512-KTR0UeAKHGhsr1x6D7y8D9pe1dUCqxc7Cfu5TWnn0mPkAyy91/ohAc8/xv0wiseSf3VvZpWpeKKALMzfBVWmKA==",
      "resolved": "https://registry.npmjs.org/@duskmoon-dev/el-bottom-sheet/-/el-bottom-sheet-1.7.2.tgz",
      "version": "1.7.2"
    },
    "node_modules/@duskmoon-dev/el-breadcrumbs": {
      "dependencies": {
        "@duskmoon-dev/core": "1.18.1",
        "@duskmoon-dev/el-base": "1.7.2"
      },
      "integrity": "sha512-yRIvaABeOEj7ai5Asy0ehtEGyhMEU35O+FYbByQg4VwpLVTVIXpKsgDN3UPl3FlK2lndKz5ZSG6QYquiXp6ZaQ==",
      "resolved": "https://registry.npmjs.org/@duskmoon-dev/el-breadcrumbs/-/el-breadcrumbs-1.7.2.tgz",
      "version": "1.7.2"
    },
    "node_modules/@duskmoon-dev/el-button": {
      "dependencies": {
        "@duskmoon-dev/core": "1.18.1",
        "@duskmoon-dev/el-base": "1.7.2"
      },
      "integrity": "sha512-M9+a+AoSNREEsmFWvp/G527xy28sVBzfhUC1HiB7duXHvM13Y+yVnmFxvwBf8aFuLCs1JgPbFcEUdKVlEoCZPA==",
      "resolved": "https://registry.npmjs.org/@duskmoon-dev/el-button/-/el-button-1.7.2.tgz",
      "version": "1.7.2"
    },
    "node_modules/@duskmoon-dev/el-card": {
      "dependencies": {
        "@duskmoon-dev/core": "1.18.1",
        "@duskmoon-dev/el-base": "1.7.2"
      },
      "integrity": "sha512-QiLMeke4kre7pNrt4cuN7fqrldoDX8a/jFkcdiZvqEEfjtvlPKGq7nKRs+1Nuztd8l4vyPu76KWARufpasW5Ig==",
      "resolved": "https://registry.npmjs.org/@duskmoon-dev/el-card/-/el-card-1.7.2.tgz",
      "version": "1.7.2"
    },
    "node_modules/@duskmoon-dev/el-cascader": {
      "dependencies": {
        "@duskmoon-dev/core": "1.18.1",
        "@duskmoon-dev/el-base": "1.7.2"
      },
      "integrity": "sha512-gYIUFZtNtQl1vOGWlRoQNYVrLVGyJp1v8/JrQctBPkrH03MHeWmxe5i4yHenXWkujqZqHwGajQf5snIoUvS4eg==",
      "resolved": "https://registry.npmjs.org/@duskmoon-dev/el-cascader/-/el-cascader-1.7.2.tgz",
      "version": "1.7.2"
    },
    "node_modules/@duskmoon-dev/el-chart": {
      "dependencies": {
        "@duskmoon-dev/core": "1.18.1",
        "@duskmoon-dev/el-base": "1.7.2"
      },
      "integrity": "sha512-e5QYn7A+PX8YXj4S68ZNRVSAbet6x8eOtQ6XE/8VkLZ3oS/zNAZ/D9pItxB3M2q99Wg1zowGR0VzxMvRDgDYFw==",
      "resolved": "https://registry.npmjs.org/@duskmoon-dev/el-chart/-/el-chart-1.7.2.tgz",
      "version": "1.7.2"
    },
    "node_modules/@duskmoon-dev/el-chat": {
      "dependencies": {
        "@duskmoon-dev/core": "1.18.1",
        "@duskmoon-dev/el-base": "1.7.2",
        "@duskmoon-dev/el-markdown": "1.7.2",
        "@duskmoon-dev/el-markdown-input": "1.7.2",
        "@duskmoon-dev/el-tooltip": "1.7.2"
      },
      "integrity": "sha512-iLizClOZL5uq16v7WwHuVaRcyTvQQRcM7iUTuZX49IVpySATtoE/jzWgHjCRUWSULN79lMdmzrbDYNEs90SSYg==",
      "resolved": "https://registry.npmjs.org/@duskmoon-dev/el-chat/-/el-chat-1.7.2.tgz",
      "version": "1.7.2"
    },
    "node_modules/@duskmoon-dev/el-chat/node_modules/@duskmoon-dev/el-markdown-input": {
      "dependencies": {
        "@duskmoon-dev/core": "1.18.1",
        "@duskmoon-dev/el-base": "1.7.2",
        "hast-util-sanitize": "5.0.2",
        "rehype-katex": "7.0.1",
        "rehype-prism-plus": "2.0.2",
        "rehype-sanitize": "6.0.0",
        "rehype-stringify": "10.0.1",
        "remark-breaks": "4.0.0",
        "remark-frontmatter": "5.0.0",
        "remark-gfm": "4.0.1",
        "remark-math": "6.0.0",
        "remark-parse": "11.0.0",
        "remark-rehype": "11.1.2",
        "unified": "11.0.5"
      },
      "integrity": "sha512-wYO3bQeq7UKhA9mo5FW7zVhw/XnZjRiS3ZnX/r7Jdp9xpDOuIsqUA4g9Xmy9mNTmTIc29hkluFFxHHGNItckkw==",
      "optionalDependencies": {
        "mermaid": "11.17.0"
      },
      "resolved": "https://registry.npmjs.org/@duskmoon-dev/el-markdown-input/-/el-markdown-input-1.7.2.tgz",
      "version": "1.7.2"
    },
    "node_modules/@duskmoon-dev/el-chip": {
      "dependencies": {
        "@duskmoon-dev/core": "1.18.1",
        "@duskmoon-dev/el-base": "1.7.2"
      },
      "integrity": "sha512-fZegXt0BT35MbtuxtwYbbesnAq5F7nWh5V+Az/s1bNNZoOBaY11gNKrMKnqEM1eolQQq7Wt7G8iDUDpOR98gVg==",
      "resolved": "https://registry.npmjs.org/@duskmoon-dev/el-chip/-/el-chip-1.7.2.tgz",
      "version": "1.7.2"
    },
    "node_modules/@duskmoon-dev/el-circle-menu": {
      "dependencies": {
        "@duskmoon-dev/core": "1.18.1",
        "@duskmoon-dev/el-base": "1.7.2"
      },
      "integrity": "sha512-PeGJrHbYwXDfFVUiBVHxM2w8dl4xLnerV15OBQlR6VY077gyLDujOVroGwKofIqgn9qulLI03ql5m2sBnSCH1w==",
      "resolved": "https://registry.npmjs.org/@duskmoon-dev/el-circle-menu/-/el-circle-menu-1.7.2.tgz",
      "version": "1.7.2"
    },
    "node_modules/@duskmoon-dev/el-code-block": {
      "dependencies": {
        "@duskmoon-dev/core": "1.18.1",
        "@duskmoon-dev/el-base": "1.7.2"
      },
      "integrity": "sha512-sqR1oYeQAxABiqlgKOIW1VYZ3sYepQJaWgAlS+vt2oI+DBGmSMi1yCl1TPhbtlK3yFwFc42BNi0qURg7GMIMNQ==",
      "resolved": "https://registry.npmjs.org/@duskmoon-dev/el-code-block/-/el-code-block-1.7.2.tgz",
      "version": "1.7.2"
    },
    "node_modules/@duskmoon-dev/el-code-engine": {
      "dependencies": {
        "@duskmoon-dev/code-engine": "^0.3.0",
        "@duskmoon-dev/el-base": "1.7.2"
      },
      "integrity": "sha512-l597RJzclfbnxad2ryUJIM0f9seAj2+LMyrqJcVzSCgxSXcOjfD8ObMNUSp8FhmffxPUR+7OXrb6xvv0xQd+bA==",
      "resolved": "https://registry.npmjs.org/@duskmoon-dev/el-code-engine/-/el-code-engine-1.7.2.tgz",
      "version": "1.7.2"
    },
    "node_modules/@duskmoon-dev/el-datepicker": {
      "dependencies": {
        "@duskmoon-dev/core": "1.18.1",
        "@duskmoon-dev/el-base": "1.7.2"
      },
      "integrity": "sha512-r4Uap8nhqH+T2olOigHySHgsQDLvRUfYygpVca+CZGuliz1nMc/O6DfWxRxTyXZZAF4tXlTIK7MsqZSXnqIFgw==",
      "resolved": "https://registry.npmjs.org/@duskmoon-dev/el-datepicker/-/el-datepicker-1.7.2.tgz",
      "version": "1.7.2"
    },
    "node_modules/@duskmoon-dev/el-datetime": {
      "dependencies": {
        "@duskmoon-dev/el-base": "1.7.2"
      },
      "integrity": "sha512-8w2R/j5qwIYc+txMVbLDDjSPM+X1EKKnf18ZswX7/YZhVKEmddkdHwmAaml3eEEWvC1rkdqrc++g8AIwm4DGrw==",
      "resolved": "https://registry.npmjs.org/@duskmoon-dev/el-datetime/-/el-datetime-1.7.2.tgz",
      "version": "1.7.2"
    },
    "node_modules/@duskmoon-dev/el-dialog": {
      "dependencies": {
        "@duskmoon-dev/core": "1.18.1",
        "@duskmoon-dev/el-base": "1.7.2"
      },
      "integrity": "sha512-o8DKHAZOaGBxYq1+ty9HO8cS72iCAfamuH3uBrqeGLQoy8ttHt6joo/fdDM07OfD5XxEkccxAktK+m5RWe12Eg==",
      "resolved": "https://registry.npmjs.org/@duskmoon-dev/el-dialog/-/el-dialog-1.7.2.tgz",
      "version": "1.7.2"
    },
    "node_modules/@duskmoon-dev/el-drawer": {
      "dependencies": {
        "@duskmoon-dev/core": "1.18.1",
        "@duskmoon-dev/el-base": "1.7.2"
      },
      "integrity": "sha512-ALU8tlrx1isHwJrJtKBJJKcn3t90DRzB1ZImPviNfe7ch/2qc5+TnTK6wO+oytDTsWVL/vLRay9AIGlD8Oki2w==",
      "resolved": "https://registry.npmjs.org/@duskmoon-dev/el-drawer/-/el-drawer-1.7.2.tgz",
      "version": "1.7.2"
    },
    "node_modules/@duskmoon-dev/el-file-upload": {
      "dependencies": {
        "@duskmoon-dev/core": "1.18.1",
        "@duskmoon-dev/el-base": "1.7.2"
      },
      "integrity": "sha512-T69dVYx8rldG/xYeXNeSfThZ8vjpnLK4xBZCdIGkIcfB7+kkpEFr0T86vfq6pp8exVni6so19j3RKEhzFMQbJQ==",
      "resolved": "https://registry.npmjs.org/@duskmoon-dev/el-file-upload/-/el-file-upload-1.7.2.tgz",
      "version": "1.7.2"
    },
    "node_modules/@duskmoon-dev/el-form": {
      "dependencies": {
        "@duskmoon-dev/core": "1.18.1",
        "@duskmoon-dev/el-base": "1.7.2"
      },
      "integrity": "sha512-dViDhuNV+9a8UkO5Jz+QwuwM9HJqJJbF+9SOM6yQl6OYstD+fUvLHeoJ+jk9QxKnt9yUi45UTseblhcroXw0CA==",
      "resolved": "https://registry.npmjs.org/@duskmoon-dev/el-form/-/el-form-1.7.2.tgz",
      "version": "1.7.2"
    },
    "node_modules/@duskmoon-dev/el-form-group": {
      "dependencies": {
        "@duskmoon-dev/core": "1.18.1",
        "@duskmoon-dev/el-base": "1.7.2"
      },
      "integrity": "sha512-om77ZHtF4c5B+MdMwLodbgwyx6rZsXkevFBfWebuaU/8NQpym01TkiOYrLKHLxLzCir3giyBXnHWL5U2MVMUpQ==",
      "resolved": "https://registry.npmjs.org/@duskmoon-dev/el-form-group/-/el-form-group-1.7.2.tgz",
      "version": "1.7.2"
    },
    "node_modules/@duskmoon-dev/el-input": {
      "dependencies": {
        "@duskmoon-dev/core": "1.18.1",
        "@duskmoon-dev/el-base": "1.7.2"
      },
      "integrity": "sha512-cEBl6pyOranKYacERHSbkvAGQkssUgV0w/EL53Oy1Pkyn0e6ejseH6rCtzeadkVJ3zHhEKd38VczD6pImSL3ag==",
      "resolved": "https://registry.npmjs.org/@duskmoon-dev/el-input/-/el-input-1.7.2.tgz",
      "version": "1.7.2"
    },
    "node_modules/@duskmoon-dev/el-markdown": {
      "dependencies": {
        "@duskmoon-dev/core": "1.18.1",
        "@duskmoon-dev/el-base": "1.7.2",
        "dompurify": "3.3.3",
        "highlight.js": "11.12.0",
        "marked": "18.0.10",
        "marked-highlight": "2.2.4"
      },
      "integrity": "sha512-+U+beg3hCEFgMiHlNw7Dr+3hX9pG1ds3Gl8FwhuLMEb4FNkEPK86cuWUZJDu27cNgWqrgnYSKOQBQaCPzYhpug==",
      "resolved": "https://registry.npmjs.org/@duskmoon-dev/el-markdown/-/el-markdown-1.7.2.tgz",
      "version": "1.7.2"
    },
    "node_modules/@duskmoon-dev/el-markdown/node_modules/marked": {
      "integrity": "sha512-FJeH4bRpYoXiggcgriCGItKCSv3xkngJc4QCZ/rkQCogU3VYaLxYJoZl8Nw/b4+x7iij/pd+09mZ6A1dXzpL0A==",
      "resolved": "https://registry.npmjs.org/marked/-/marked-18.0.10.tgz",
      "version": "18.0.10"
    },
    "node_modules/@duskmoon-dev/el-menu": {
      "dependencies": {
        "@duskmoon-dev/core": "1.18.1",
        "@duskmoon-dev/el-base": "1.7.2"
      },
      "integrity": "sha512-yT0+Hp2aDp0ijah4qqMEXtGl0jY7fK+SoB0mr/UYliHG6uDaX19TsdsfsFES727U1G4nnmtZUgmaizR9/OewfQ==",
      "resolved": "https://registry.npmjs.org/@duskmoon-dev/el-menu/-/el-menu-1.7.2.tgz",
      "version": "1.7.2"
    },
    "node_modules/@duskmoon-dev/el-navbar": {
      "dependencies": {
        "@duskmoon-dev/core": "1.18.1",
        "@duskmoon-dev/el-base": "1.7.2"
      },
      "integrity": "sha512-fKfMPHwIcQ1njJXCLkmK3EOG0nd4Z+uVj6lZDb1iixUsG+Fk+VHKYsHfA1EnrxXCacCTGG9UBqDUbLySiQ98XQ==",
      "resolved": "https://registry.npmjs.org/@duskmoon-dev/el-navbar/-/el-navbar-1.7.2.tgz",
      "version": "1.7.2"
    },
    "node_modules/@duskmoon-dev/el-navigation": {
      "dependencies": {
        "@duskmoon-dev/core": "1.18.1",
        "@duskmoon-dev/el-base": "1.7.2"
      },
      "integrity": "sha512-6Ij2dgKblB03U/3nIVzjw0lvaVnv9yjwTQ2dKk14wdWGeKgcdWKpndNztopX/fwXMctdLp5t4mMYa6YYV9uIYQ==",
      "resolved": "https://registry.npmjs.org/@duskmoon-dev/el-navigation/-/el-navigation-1.7.2.tgz",
      "version": "1.7.2"
    },
    "node_modules/@duskmoon-dev/el-nested-menu": {
      "dependencies": {
        "@duskmoon-dev/core": "1.18.1",
        "@duskmoon-dev/el-base": "1.7.2"
      },
      "integrity": "sha512-WvLu+WiPT8qXnR+TXrH0O453VzOJzkoX+/saznEEZOApu/EDG2pgzCZbqQ6GDaYSJN7Sm6B0uwxoouetKNVUrQ==",
      "resolved": "https://registry.npmjs.org/@duskmoon-dev/el-nested-menu/-/el-nested-menu-1.7.2.tgz",
      "version": "1.7.2"
    },
    "node_modules/@duskmoon-dev/el-otp-input": {
      "dependencies": {
        "@duskmoon-dev/core": "1.18.1",
        "@duskmoon-dev/el-base": "1.7.2"
      },
      "integrity": "sha512-VfsXsHaBnW//97BMPnniJ6Nu5nDJeoZYoMvsZ+KHr348qbl68ZxuIS/lYxfSREDAp44YyXEqsSuN6NEU8unNKw==",
      "resolved": "https://registry.npmjs.org/@duskmoon-dev/el-otp-input/-/el-otp-input-1.7.2.tgz",
      "version": "1.7.2"
    },
    "node_modules/@duskmoon-dev/el-pagination": {
      "dependencies": {
        "@duskmoon-dev/core": "1.18.1",
        "@duskmoon-dev/el-base": "1.7.2"
      },
      "integrity": "sha512-fBrijf1/yh6+xkOtXRT5ZZ/cimrw8mh6ZjraWxwCG6+AEBx30kYEX0378EIQ385GbD6uv2XnMWbG6lwKal2n4A==",
      "resolved": "https://registry.npmjs.org/@duskmoon-dev/el-pagination/-/el-pagination-1.7.2.tgz",
      "version": "1.7.2"
    },
    "node_modules/@duskmoon-dev/el-pin-input": {
      "dependencies": {
        "@duskmoon-dev/core": "1.18.1",
        "@duskmoon-dev/el-base": "1.7.2"
      },
      "integrity": "sha512-wpWraiv1eGIfdNcY/7ii8T4Ddf4TKMXPX3B/k/Yv2p34YSmVYRfFym3ZOTFatJllBtIPKdrqb9KfSM069La3dQ==",
      "resolved": "https://registry.npmjs.org/@duskmoon-dev/el-pin-input/-/el-pin-input-1.7.2.tgz",
      "version": "1.7.2"
    },
    "node_modules/@duskmoon-dev/el-popover": {
      "dependencies": {
        "@duskmoon-dev/core": "1.18.1",
        "@duskmoon-dev/el-base": "1.7.2"
      },
      "integrity": "sha512-qMmllRaEzN+s3WqssSKVk7lYdHEVA1qRHm4/971FrHSabuT+WiiZC/+STA2P9MhRMAUDPeI0Cr4YVVR1Qj5Q4w==",
      "resolved": "https://registry.npmjs.org/@duskmoon-dev/el-popover/-/el-popover-1.7.2.tgz",
      "version": "1.7.2"
    },
    "node_modules/@duskmoon-dev/el-pro-data-grid": {
      "dependencies": {
        "@duskmoon-dev/el-base": "1.7.2"
      },
      "integrity": "sha512-YHz+qeN7hjafnOU/yckOKqDZ/lAESZl2532CANaCl7Ndd8bxV1QxEl+yUdkh4IBd82BbHhRpbf7ZmGzWGOpbQw==",
      "resolved": "https://registry.npmjs.org/@duskmoon-dev/el-pro-data-grid/-/el-pro-data-grid-1.7.2.tgz",
      "version": "1.7.2"
    },
    "node_modules/@duskmoon-dev/el-progress": {
      "dependencies": {
        "@duskmoon-dev/core": "1.18.1",
        "@duskmoon-dev/el-base": "1.7.2"
      },
      "integrity": "sha512-uAI3LoUnP2vFEI+qub1mDSHeLOynwkX+H3aIc3Wvx7nkKlRgNFuLtXE+/X9YgCXVsllXPKM2I1UHzcQCMcMfbw==",
      "resolved": "https://registry.npmjs.org/@duskmoon-dev/el-progress/-/el-progress-1.7.2.tgz",
      "version": "1.7.2"
    },
    "node_modules/@duskmoon-dev/el-segment-control": {
      "dependencies": {
        "@duskmoon-dev/core": "1.18.1",
        "@duskmoon-dev/el-base": "1.7.2"
      },
      "integrity": "sha512-BrJumhVQGRhnwT8pAtZZvU4UebrPa30aTE42yrHEv5eayoldNtPfFMwJjtmmS+dxH2EZsK4KMAoHb09wNhjvjA==",
      "resolved": "https://registry.npmjs.org/@duskmoon-dev/el-segment-control/-/el-segment-control-1.7.2.tgz",
      "version": "1.7.2"
    },
    "node_modules/@duskmoon-dev/el-select": {
      "dependencies": {
        "@duskmoon-dev/core": "1.18.1",
        "@duskmoon-dev/el-base": "1.7.2"
      },
      "integrity": "sha512-XIOBCWQXzcuc1tvOxpg6vyh6ZcK8fAhTp9a4bRzI0N1MumdWWR7v6L/Ma5+Ggw9ii4jlufFmRk/GsIPNsQobsw==",
      "resolved": "https://registry.npmjs.org/@duskmoon-dev/el-select/-/el-select-1.7.2.tgz",
      "version": "1.7.2"
    },
    "node_modules/@duskmoon-dev/el-slider": {
      "dependencies": {
        "@duskmoon-dev/core": "1.18.1",
        "@duskmoon-dev/el-base": "1.7.2"
      },
      "integrity": "sha512-99mWk9CUyVBoKHYyReI+p0MBT7uGvf+oQPdhqhIkeZBmupPvXWSlzMkLFZZJdF2dF4GxZx0h5cJccI4K1OQk8w==",
      "resolved": "https://registry.npmjs.org/@duskmoon-dev/el-slider/-/el-slider-1.7.2.tgz",
      "version": "1.7.2"
    },
    "node_modules/@duskmoon-dev/el-stepper": {
      "dependencies": {
        "@duskmoon-dev/core": "1.18.1",
        "@duskmoon-dev/el-base": "1.7.2"
      },
      "integrity": "sha512-8FBIJtDq/SehJoPX7rMN65DkQtTfvBI6bvUWH2Yo3GP4hg8Qq20g6anjYassogwMeE/hu8CP8zZR/R53tM1RuQ==",
      "resolved": "https://registry.npmjs.org/@duskmoon-dev/el-stepper/-/el-stepper-1.7.2.tgz",
      "version": "1.7.2"
    },
    "node_modules/@duskmoon-dev/el-switch": {
      "dependencies": {
        "@duskmoon-dev/core": "1.18.1",
        "@duskmoon-dev/el-base": "1.7.2"
      },
      "integrity": "sha512-44NxnShadhSVsDduOELcGq5/5P5HUFYbl396i+HocixhnWmQ0Ksg+/9lAaG0ec3rit9yyvnFRSBxVerIN8hbhw==",
      "resolved": "https://registry.npmjs.org/@duskmoon-dev/el-switch/-/el-switch-1.7.2.tgz",
      "version": "1.7.2"
    },
    "node_modules/@duskmoon-dev/el-table": {
      "dependencies": {
        "@duskmoon-dev/core": "1.18.1",
        "@duskmoon-dev/el-base": "1.7.2"
      },
      "integrity": "sha512-vtCsnqiWFtfUFPo2jiGmATpqHoWgWXt4Lyr6iQx+7dU5Jcvv8hEuxoppy0xDPv2ulk87OfsMgPilDUoCwornyg==",
      "resolved": "https://registry.npmjs.org/@duskmoon-dev/el-table/-/el-table-1.7.2.tgz",
      "version": "1.7.2"
    },
    "node_modules/@duskmoon-dev/el-tabs": {
      "dependencies": {
        "@duskmoon-dev/core": "1.18.1",
        "@duskmoon-dev/el-base": "1.7.2"
      },
      "integrity": "sha512-iGq03CaA08bDA7uSrEvO5mF217tnzdU3qCbfVE0lVvmIHD4hkgnICWx2Ap06XzwJF+EZ6jO+MFw+6magGChOMQ==",
      "resolved": "https://registry.npmjs.org/@duskmoon-dev/el-tabs/-/el-tabs-1.7.2.tgz",
      "version": "1.7.2"
    },
    "node_modules/@duskmoon-dev/el-theme-controller": {
      "dependencies": {
        "@duskmoon-dev/core": "1.18.1",
        "@duskmoon-dev/el-base": "1.7.2"
      },
      "integrity": "sha512-UxO60wvnSRQteVyFRvm24n9cvx5aIkcaBm6jtuGr2+b0dtTvnMxnDv6YSRHuDGcYZ/4GWun+WWF6NJ/yBmb0HQ==",
      "resolved": "https://registry.npmjs.org/@duskmoon-dev/el-theme-controller/-/el-theme-controller-1.7.2.tgz",
      "version": "1.7.2"
    },
    "node_modules/@duskmoon-dev/el-time-input": {
      "dependencies": {
        "@duskmoon-dev/core": "1.18.1",
        "@duskmoon-dev/el-base": "1.7.2"
      },
      "integrity": "sha512-zW8Tk2dmoXLBedk2MNLbPcSM2Pufsi+5m4jMfwLoRfwyBu/WsTVBvOZrsm2WhNwmdlkRHLcNunjA6KLGoZRKqA==",
      "resolved": "https://registry.npmjs.org/@duskmoon-dev/el-time-input/-/el-time-input-1.7.2.tgz",
      "version": "1.7.2"
    },
    "node_modules/@duskmoon-dev/el-tooltip": {
      "dependencies": {
        "@duskmoon-dev/core": "1.18.1",
        "@duskmoon-dev/el-base": "1.7.2"
      },
      "integrity": "sha512-F3VN/sORcQc4SIOf+oHyhoBg7hO7jDxgpMu9ibNYhfCzLm2iKOb5usG5hkNivjTZxcy1JU/OAhowPHg3hS9Q5A==",
      "resolved": "https://registry.npmjs.org/@duskmoon-dev/el-tooltip/-/el-tooltip-1.7.2.tgz",
      "version": "1.7.2"
    },
    "node_modules/@duskmoon-dev/elements": {
      "dependencies": {
        "@duskmoon-dev/el-accordion": "1.7.2",
        "@duskmoon-dev/el-alert": "1.7.2",
        "@duskmoon-dev/el-autocomplete": "1.7.2",
        "@duskmoon-dev/el-badge": "1.7.2",
        "@duskmoon-dev/el-base": "1.7.2",
        "@duskmoon-dev/el-bottom-navigation": "1.7.2",
        "@duskmoon-dev/el-bottom-sheet": "1.7.2",
        "@duskmoon-dev/el-breadcrumbs": "1.7.2",
        "@duskmoon-dev/el-button": "1.7.2",
        "@duskmoon-dev/el-card": "1.7.2",
        "@duskmoon-dev/el-cascader": "1.7.2",
        "@duskmoon-dev/el-chart": "1.7.2",
        "@duskmoon-dev/el-chat": "1.7.2",
        "@duskmoon-dev/el-chip": "1.7.2",
        "@duskmoon-dev/el-circle-menu": "1.7.2",
        "@duskmoon-dev/el-code-block": "1.7.2",
        "@duskmoon-dev/el-code-engine": "1.7.2",
        "@duskmoon-dev/el-datepicker": "1.7.2",
        "@duskmoon-dev/el-datetime": "1.7.2",
        "@duskmoon-dev/el-dialog": "1.7.2",
        "@duskmoon-dev/el-drawer": "1.7.2",
        "@duskmoon-dev/el-file-upload": "1.7.2",
        "@duskmoon-dev/el-form": "1.7.2",
        "@duskmoon-dev/el-form-group": "1.7.2",
        "@duskmoon-dev/el-input": "1.7.2",
        "@duskmoon-dev/el-markdown": "1.7.2",
        "@duskmoon-dev/el-markdown-input": "1.7.2",
        "@duskmoon-dev/el-menu": "1.7.2",
        "@duskmoon-dev/el-navbar": "1.7.2",
        "@duskmoon-dev/el-navigation": "1.7.2",
        "@duskmoon-dev/el-nested-menu": "1.7.2",
        "@duskmoon-dev/el-otp-input": "1.7.2",
        "@duskmoon-dev/el-pagination": "1.7.2",
        "@duskmoon-dev/el-pin-input": "1.7.2",
        "@duskmoon-dev/el-popover": "1.7.2",
        "@duskmoon-dev/el-pro-data-grid": "1.7.2",
        "@duskmoon-dev/el-progress": "1.7.2",
        "@duskmoon-dev/el-segment-control": "1.7.2",
        "@duskmoon-dev/el-select": "1.7.2",
        "@duskmoon-dev/el-slider": "1.7.2",
        "@duskmoon-dev/el-stepper": "1.7.2",
        "@duskmoon-dev/el-switch": "1.7.2",
        "@duskmoon-dev/el-table": "1.7.2",
        "@duskmoon-dev/el-tabs": "1.7.2",
        "@duskmoon-dev/el-theme-controller": "1.7.2",
        "@duskmoon-dev/el-time-input": "1.7.2",
        "@duskmoon-dev/el-tooltip": "1.7.2"
      },
      "integrity": "sha512-71z2UdON2+abKGeLs1Kk+UIu1kzo6xwt14KIeTFbLxA89Z4TA3LHw2CsGCxj1qc7XJpZsaf5H/eD3VjaTuNMbA==",
      "resolved": "https://registry.npmjs.org/@duskmoon-dev/elements/-/elements-1.7.2.tgz",
      "version": "1.7.2"
    },
    "node_modules/@duskmoon-dev/elements/node_modules/@duskmoon-dev/el-markdown-input": {
      "dependencies": {
        "@duskmoon-dev/core": "1.18.1",
        "@duskmoon-dev/el-base": "1.7.2",
        "hast-util-sanitize": "5.0.2",
        "rehype-katex": "7.0.1",
        "rehype-prism-plus": "2.0.2",
        "rehype-sanitize": "6.0.0",
        "rehype-stringify": "10.0.1",
        "remark-breaks": "4.0.0",
        "remark-frontmatter": "5.0.0",
        "remark-gfm": "4.0.1",
        "remark-math": "6.0.0",
        "remark-parse": "11.0.0",
        "remark-rehype": "11.1.2",
        "unified": "11.0.5"
      },
      "integrity": "sha512-wYO3bQeq7UKhA9mo5FW7zVhw/XnZjRiS3ZnX/r7Jdp9xpDOuIsqUA4g9Xmy9mNTmTIc29hkluFFxHHGNItckkw==",
      "optionalDependencies": {
        "mermaid": "11.17.0"
      },
      "resolved": "https://registry.npmjs.org/@duskmoon-dev/el-markdown-input/-/el-markdown-input-1.7.2.tgz",
      "version": "1.7.2"
    },
    "node_modules/@types/trusted-types": {
      "integrity": "sha512-ScaPdn1dQczgbl0QFTeTOmVHFULt394XJgOQNoyVhZ6r2vLnMLJfBPd53SB52T/3G36VI1/g2MZaX0cwDuXsfw==",
      "resolved": "https://registry.npmjs.org/@types/trusted-types/-/trusted-types-2.0.7.tgz",
      "version": "2.0.7"
    },
    "node_modules/dompurify": {
      "dependencies": {
        "@types/trusted-types": "^2.0.7"
      },
      "integrity": "sha512-Oj6pzI2+RqBfFG+qOaOLbFXLQ90ARpcGG6UePL82bJLtdsa6CYJD7nmiU8MW9nQNOtCHV3lZ/Bzq1X0QYbBZCA==",
      "optionalDependencies": {
        "@types/trusted-types": "^2.0.7"
      },
      "resolved": "https://registry.npmjs.org/dompurify/-/dompurify-3.3.3.tgz",
      "version": "3.3.3"
    },
    "node_modules/highlight.js": {
      "integrity": "sha512-nbfWpyRMcMrPMmDwJB+dhX/eiaPKtc2RB+0QZskqJ3WjRA/FDS0e9hZrx8EC/lbEv8gXy98FcDbNa/dspAaJMg==",
      "resolved": "https://registry.npmjs.org/highlight.js/-/highlight.js-11.12.0.tgz",
      "version": "11.12.0"
    },
    "node_modules/manifold_web": {
      "link": true,
      "resolved": "apps/manifold_web"
    },
    "node_modules/marked": {
      "integrity": "sha512-FJeH4bRpYoXiggcgriCGItKCSv3xkngJc4QCZ/rkQCogU3VYaLxYJoZl8Nw/b4+x7iij/pd+09mZ6A1dXzpL0A==",
      "resolved": "https://registry.npmjs.org/marked/-/marked-18.0.10.tgz",
      "version": "18.0.10"
    },
    "node_modules/marked-highlight": {
      "integrity": "sha512-PZxisNMJDduSjc0q6uvjsnqqHCXc9s0eyzxDO9sB1eNGJnd/H1/Fu+z6g/liC1dfJdFW4SftMwMlLvsBhUPrqQ==",
      "resolved": "https://registry.npmjs.org/marked-highlight/-/marked-highlight-2.2.4.tgz",
      "version": "2.2.4"
    },
    "node_modules/phoenix_duskmoon": {
      "dependencies": {
        "@duskmoon-dev/art-elements": "1.7.2",
        "@duskmoon-dev/core": "1.18.1",
        "@duskmoon-dev/css-art": "1.18.1",
        "@duskmoon-dev/elements": "1.7.2"
      },
      "integrity": "sha512-jRTSDUk7prK5nY9d9taeKb363mKTIKPl+6l+zxGtF8DQNiWJbnfcUg33XMTgccWbF/yrEgZSxp+vi1Jvdi2QxA==",
      "resolved": "https://registry.npmjs.org/phoenix_duskmoon/-/phoenix_duskmoon-9.12.1.tgz",
      "version": "9.12.1"
    },
    "node_modules/tailwindcss": {
      "integrity": "sha512-gOhV3P7ufE62QDGg1zVaTgCR+EtPv92k2nIhVcVKcLmxT1sUBsQGhnZj175j+MqRt4zLF7ic+sCYjfhxMxj7YQ==",
      "resolved": "https://registry.npmjs.org/tailwindcss/-/tailwindcss-4.3.3.tgz",
      "version": "4.3.3"
    }
  },
  "requires": true,
  "x-npm-ex": {
    "policy": {
      "allow_registry_redirects": false,
      "allowed_registries": [
        "https://registry.npmjs.org"
      ],
      "block_exotic_subdeps": true,
      "exotic_deps": []
    }
  }
}
