{
  "lockfileVersion": 3,
  "name": "manifold",
  "packages": {
    "": {
      "dependencies": {
        "marked": "18.0.7",
        "tailwindcss": "4.3.3"
      },
      "name": "manifold",
      "workspaces": [
        "apps/*"
      ]
    },
    "apps/manifold_web": {
      "dependencies": {
        "@duskmoon-dev/core": "1.17.2",
        "phoenix_duskmoon": "9.9.4"
      },
      "name": "manifold_web"
    },
    "node_modules/@duskmoon-dev/art-elements": {
      "dependencies": {
        "@duskmoon-dev/el-art-atom": "1.5.3",
        "@duskmoon-dev/el-art-cat-stargazer": "1.5.3",
        "@duskmoon-dev/el-art-circular-gallery": "1.5.3",
        "@duskmoon-dev/el-art-color-spin": "1.5.3",
        "@duskmoon-dev/el-art-csswitch": "1.5.3",
        "@duskmoon-dev/el-art-eclipse": "1.5.3",
        "@duskmoon-dev/el-art-flower-animation": "1.5.3",
        "@duskmoon-dev/el-art-gemini-input": "1.5.3",
        "@duskmoon-dev/el-art-moon": "1.5.3",
        "@duskmoon-dev/el-art-mountain": "1.5.3",
        "@duskmoon-dev/el-art-plasma-ball": "1.5.3",
        "@duskmoon-dev/el-art-snow": "1.5.3",
        "@duskmoon-dev/el-art-snowball-preloader": "1.5.3",
        "@duskmoon-dev/el-art-sun": "1.5.3",
        "@duskmoon-dev/el-art-synthwave-starfield": "1.5.3",
        "@duskmoon-dev/el-base": "1.5.3"
      },
      "integrity": "sha512-H6cMSaHJrN70A3IBiBmYZIqWS/55A0MB+bzqsjqvTKeg6sz8m29vnlRHzdirphuRZI0naZHNZwZTMszkVOenlQ==",
      "resolved": "https://registry.npmjs.org/@duskmoon-dev/art-elements/-/art-elements-1.5.6.tgz",
      "version": "1.5.6"
    },
    "node_modules/@duskmoon-dev/code-engine": {
      "integrity": "sha512-XISK4ryunvSC+Hv5WRqU6IGTWjpHErBdvr9sqMKWmXLsqCHCEel2ujeVWvP1ZcUcv3SlI63XnJ2RgP+Eq73tyw==",
      "resolved": "https://registry.npmjs.org/@duskmoon-dev/code-engine/-/code-engine-0.3.0.tgz",
      "version": "0.3.0"
    },
    "node_modules/@duskmoon-dev/core": {
      "integrity": "sha512-hehS/PdF/sT8b9YpDjf6UNHqBAxt/WvadFzIQucmamJAw4smenhja00bPj3/HvN6piPH5fLrmA4eJlUICY79Lw==",
      "resolved": "https://registry.npmjs.org/@duskmoon-dev/core/-/core-1.17.2.tgz",
      "version": "1.17.2"
    },
    "node_modules/@duskmoon-dev/css-art": {
      "integrity": "sha512-que1NtyXGLpMnSpDHpLgTeQTpREJYde6kcRjTlittfkVq2+0aYN0/Y/2dQkYoiQefn8t7o7WRa3klx2hGrM6EA==",
      "resolved": "https://registry.npmjs.org/@duskmoon-dev/css-art/-/css-art-1.17.0.tgz",
      "version": "1.17.0"
    },
    "node_modules/@duskmoon-dev/el-accordion": {
      "dependencies": {
        "@duskmoon-dev/core": "1.17.0",
        "@duskmoon-dev/el-base": "1.5.3"
      },
      "integrity": "sha512-XDOQyNPrFLn2QobxVAA27HBcGh5cGhNissSa1zfPiqCG47cXnAgCaKUCrBqvKn9zTe3V2kcTXLlnNknAJhUuZQ==",
      "resolved": "https://registry.npmjs.org/@duskmoon-dev/el-accordion/-/el-accordion-1.5.3.tgz",
      "version": "1.5.3"
    },
    "node_modules/@duskmoon-dev/el-accordion/node_modules/@duskmoon-dev/core": {
      "integrity": "sha512-217ZdHI3LdOBk/weWpJ0CX294693CpFdyeGUy7qO4C6MPEbjciyuA84lOWM258qE7P3yKVlAQQ9ni7kaU4wmIg==",
      "resolved": "https://registry.npmjs.org/@duskmoon-dev/core/-/core-1.17.0.tgz",
      "version": "1.17.0"
    },
    "node_modules/@duskmoon-dev/el-alert": {
      "dependencies": {
        "@duskmoon-dev/core": "1.17.0",
        "@duskmoon-dev/el-base": "1.5.3"
      },
      "integrity": "sha512-6l7wvzcqfUex9WtlPjWCkH1V3C01DvBiBOh5rO/95UeUMhC+T+/aWVGY5XMF1F0On4nYZYGpCFLmfKpyUhGrGw==",
      "resolved": "https://registry.npmjs.org/@duskmoon-dev/el-alert/-/el-alert-1.5.3.tgz",
      "version": "1.5.3"
    },
    "node_modules/@duskmoon-dev/el-alert/node_modules/@duskmoon-dev/core": {
      "integrity": "sha512-217ZdHI3LdOBk/weWpJ0CX294693CpFdyeGUy7qO4C6MPEbjciyuA84lOWM258qE7P3yKVlAQQ9ni7kaU4wmIg==",
      "resolved": "https://registry.npmjs.org/@duskmoon-dev/core/-/core-1.17.0.tgz",
      "version": "1.17.0"
    },
    "node_modules/@duskmoon-dev/el-art-atom": {
      "dependencies": {
        "@duskmoon-dev/css-art": "1.17.0",
        "@duskmoon-dev/el-base": "1.5.3"
      },
      "integrity": "sha512-gxw5eFHiCkmDDR2fFGLXRlXqOUSFMtuLH2xY6dkLW4dHy62rydiWzNGt9wFCthbcDTzWcBKNu1cc+Nvhg0AEsA==",
      "resolved": "https://registry.npmjs.org/@duskmoon-dev/el-art-atom/-/el-art-atom-1.5.3.tgz",
      "version": "1.5.3"
    },
    "node_modules/@duskmoon-dev/el-art-cat-stargazer": {
      "dependencies": {
        "@duskmoon-dev/css-art": "1.17.0",
        "@duskmoon-dev/el-base": "1.5.3"
      },
      "integrity": "sha512-g01qLQc7P1jMelMFTFhm2FKdoyUkoeWQVbiFgGB90QN9ZH/G1vXO7dNnJ8W+dFR3Ke2jX0T+llGPMbiTLmcUFA==",
      "resolved": "https://registry.npmjs.org/@duskmoon-dev/el-art-cat-stargazer/-/el-art-cat-stargazer-1.5.3.tgz",
      "version": "1.5.3"
    },
    "node_modules/@duskmoon-dev/el-art-circular-gallery": {
      "dependencies": {
        "@duskmoon-dev/css-art": "1.17.0",
        "@duskmoon-dev/el-base": "1.5.3"
      },
      "integrity": "sha512-9HEqp8RQAaj6qrQH0rEALgmoXcXZoSqDEhdQth0en5osWd1DbPbjyDYQ6AZIWtZwHQnV414zIN6OtsCdPZUOGw==",
      "resolved": "https://registry.npmjs.org/@duskmoon-dev/el-art-circular-gallery/-/el-art-circular-gallery-1.5.3.tgz",
      "version": "1.5.3"
    },
    "node_modules/@duskmoon-dev/el-art-color-spin": {
      "dependencies": {
        "@duskmoon-dev/css-art": "1.17.0",
        "@duskmoon-dev/el-base": "1.5.3"
      },
      "integrity": "sha512-lHbn9LCe9Gr5m296122rXsc+8GQDvmbGZY51cemdiLQX/LcGCHBOv7+mLRPuV619xgdIIEJSejcYFtvXiXlz1A==",
      "resolved": "https://registry.npmjs.org/@duskmoon-dev/el-art-color-spin/-/el-art-color-spin-1.5.3.tgz",
      "version": "1.5.3"
    },
    "node_modules/@duskmoon-dev/el-art-csswitch": {
      "dependencies": {
        "@duskmoon-dev/css-art": "1.17.0",
        "@duskmoon-dev/el-base": "1.5.3"
      },
      "integrity": "sha512-mhTNqSaiC7X5dE/4mL+rmKKGZeRz2xSXwQLBDzfzfiG1QnY7Fct8DYNjB1yENvT++VBVKVH9M4gRQDu7OqyLpQ==",
      "resolved": "https://registry.npmjs.org/@duskmoon-dev/el-art-csswitch/-/el-art-csswitch-1.5.3.tgz",
      "version": "1.5.3"
    },
    "node_modules/@duskmoon-dev/el-art-eclipse": {
      "dependencies": {
        "@duskmoon-dev/css-art": "1.17.0",
        "@duskmoon-dev/el-base": "1.5.3"
      },
      "integrity": "sha512-ug702uLKg5+mFMejB32uKz1491IpeQRcjBfOarK4e/NvKXQ5D6uIoZCFZA6v0rdmfo2Qyv/xFbqVWcc4mJ/Ecw==",
      "resolved": "https://registry.npmjs.org/@duskmoon-dev/el-art-eclipse/-/el-art-eclipse-1.5.3.tgz",
      "version": "1.5.3"
    },
    "node_modules/@duskmoon-dev/el-art-flower-animation": {
      "dependencies": {
        "@duskmoon-dev/css-art": "1.17.0",
        "@duskmoon-dev/el-base": "1.5.3"
      },
      "integrity": "sha512-cNzrBpBxUGGN1CjWQe7HnnMJxZvRXGgaX0p8N1VENpoWfRXqCfWtwqFS59IfTMcHZtH69ycmXHR+A1DOBBNHuQ==",
      "resolved": "https://registry.npmjs.org/@duskmoon-dev/el-art-flower-animation/-/el-art-flower-animation-1.5.3.tgz",
      "version": "1.5.3"
    },
    "node_modules/@duskmoon-dev/el-art-gemini-input": {
      "dependencies": {
        "@duskmoon-dev/css-art": "1.17.0",
        "@duskmoon-dev/el-base": "1.5.3"
      },
      "integrity": "sha512-qcfbrVKYyTFkcx7plB/XZxsa3KLRT7cgm5SKmaaC4aCb5ANNswpMdC07c0clst+P4P8FcG2hplh2++fws7qeNw==",
      "resolved": "https://registry.npmjs.org/@duskmoon-dev/el-art-gemini-input/-/el-art-gemini-input-1.5.3.tgz",
      "version": "1.5.3"
    },
    "node_modules/@duskmoon-dev/el-art-moon": {
      "dependencies": {
        "@duskmoon-dev/css-art": "1.17.0",
        "@duskmoon-dev/el-base": "1.5.3"
      },
      "integrity": "sha512-yCXXyzFCVMUm6iLYBWUY7MrEbGMOOBu9bHRMqeCl1U7do4XiKFTMYK8G4CB8bc9zDG5yHYUdwSN8ptSP//wQPQ==",
      "resolved": "https://registry.npmjs.org/@duskmoon-dev/el-art-moon/-/el-art-moon-1.5.3.tgz",
      "version": "1.5.3"
    },
    "node_modules/@duskmoon-dev/el-art-mountain": {
      "dependencies": {
        "@duskmoon-dev/css-art": "1.17.0",
        "@duskmoon-dev/el-base": "1.5.3"
      },
      "integrity": "sha512-0pGgoqfdB5YydgjmRk0GQMLzKQvk4AhDN5KVuJt0hdMYbr6ybt3/rWQquGLHcFdNuEcy5sub7WkQn8AO55f+Mg==",
      "resolved": "https://registry.npmjs.org/@duskmoon-dev/el-art-mountain/-/el-art-mountain-1.5.3.tgz",
      "version": "1.5.3"
    },
    "node_modules/@duskmoon-dev/el-art-plasma-ball": {
      "dependencies": {
        "@duskmoon-dev/css-art": "1.17.0",
        "@duskmoon-dev/el-base": "1.5.3"
      },
      "integrity": "sha512-2wLbRcaE2dYcWsQQTBpUmoNUMHLbLGHDj+w1vO02T9DOVItJqux+XZ79hri/duL1leq4NdZBMEvpPbxgd/wvfw==",
      "resolved": "https://registry.npmjs.org/@duskmoon-dev/el-art-plasma-ball/-/el-art-plasma-ball-1.5.3.tgz",
      "version": "1.5.3"
    },
    "node_modules/@duskmoon-dev/el-art-snow": {
      "dependencies": {
        "@duskmoon-dev/css-art": "1.17.0",
        "@duskmoon-dev/el-base": "1.5.3"
      },
      "integrity": "sha512-a4rs3YBlUr21gcqpJHrXfrGmoBJ3BLNDOoWnGbtMLUyNNfSGcPN4J+R1vqwYteSX/hmrst79UB42F076K1ohxA==",
      "resolved": "https://registry.npmjs.org/@duskmoon-dev/el-art-snow/-/el-art-snow-1.5.3.tgz",
      "version": "1.5.3"
    },
    "node_modules/@duskmoon-dev/el-art-snowball-preloader": {
      "dependencies": {
        "@duskmoon-dev/css-art": "1.17.0",
        "@duskmoon-dev/el-base": "1.5.3"
      },
      "integrity": "sha512-E2MVDgH3GSXIfyPD+3mfO2I0ZCYlc8rO8hoGJmVAcVFJgxnQVAw41MVs3pz7JCcnpUyffhWgklY+D3p65N376Q==",
      "resolved": "https://registry.npmjs.org/@duskmoon-dev/el-art-snowball-preloader/-/el-art-snowball-preloader-1.5.3.tgz",
      "version": "1.5.3"
    },
    "node_modules/@duskmoon-dev/el-art-sun": {
      "dependencies": {
        "@duskmoon-dev/css-art": "1.17.0",
        "@duskmoon-dev/el-base": "1.5.3"
      },
      "integrity": "sha512-QUXDSCf2Jm2CIjZFfRmNllEfV4HwKIWkBaqi/keRias4Oq1vYqWo6I5Jkvbk7xwk5AYDpbBce6k3oz76Yw0vtg==",
      "resolved": "https://registry.npmjs.org/@duskmoon-dev/el-art-sun/-/el-art-sun-1.5.3.tgz",
      "version": "1.5.3"
    },
    "node_modules/@duskmoon-dev/el-art-synthwave-starfield": {
      "dependencies": {
        "@duskmoon-dev/css-art": "1.17.0",
        "@duskmoon-dev/el-base": "1.5.3"
      },
      "integrity": "sha512-djyNJ2nRoqECu8mdTZ8BL4jB5seogoM31L4r4GuaxaFhaA7uL4Tzvs9PfIUwFR59Lc09SaDl8PsDB0diHEbe7g==",
      "resolved": "https://registry.npmjs.org/@duskmoon-dev/el-art-synthwave-starfield/-/el-art-synthwave-starfield-1.5.3.tgz",
      "version": "1.5.3"
    },
    "node_modules/@duskmoon-dev/el-autocomplete": {
      "dependencies": {
        "@duskmoon-dev/core": "1.17.0",
        "@duskmoon-dev/el-base": "1.5.3"
      },
      "integrity": "sha512-b5ZzY5ruPzG85BWqtYrxdHFryDX2q/RB4NwN8fG7JV3jUrHqquW+1XBS/pEr3EvyjEfTFB3igRZrVpFmbNyEyg==",
      "resolved": "https://registry.npmjs.org/@duskmoon-dev/el-autocomplete/-/el-autocomplete-1.5.3.tgz",
      "version": "1.5.3"
    },
    "node_modules/@duskmoon-dev/el-autocomplete/node_modules/@duskmoon-dev/core": {
      "integrity": "sha512-217ZdHI3LdOBk/weWpJ0CX294693CpFdyeGUy7qO4C6MPEbjciyuA84lOWM258qE7P3yKVlAQQ9ni7kaU4wmIg==",
      "resolved": "https://registry.npmjs.org/@duskmoon-dev/core/-/core-1.17.0.tgz",
      "version": "1.17.0"
    },
    "node_modules/@duskmoon-dev/el-badge": {
      "dependencies": {
        "@duskmoon-dev/core": "1.17.0",
        "@duskmoon-dev/el-base": "1.5.3"
      },
      "integrity": "sha512-0lINPgFulk9fGRwY2iF0erBUIDlW9Zd7Pay/6WPgIm+ysZQiatPSriMTxppuGco5tLfMWGlxKAI7Z7IwW2k7sA==",
      "resolved": "https://registry.npmjs.org/@duskmoon-dev/el-badge/-/el-badge-1.5.3.tgz",
      "version": "1.5.3"
    },
    "node_modules/@duskmoon-dev/el-badge/node_modules/@duskmoon-dev/core": {
      "integrity": "sha512-217ZdHI3LdOBk/weWpJ0CX294693CpFdyeGUy7qO4C6MPEbjciyuA84lOWM258qE7P3yKVlAQQ9ni7kaU4wmIg==",
      "resolved": "https://registry.npmjs.org/@duskmoon-dev/core/-/core-1.17.0.tgz",
      "version": "1.17.0"
    },
    "node_modules/@duskmoon-dev/el-base": {
      "integrity": "sha512-WSp8mlTsEUeasWFzHCX+BcwcXBy2st6iKKIZxnXLzSOEX1exJKkmGd4bTDmEPVPmLHa4JO1LIINHr7wX0YLm9g==",
      "resolved": "https://registry.npmjs.org/@duskmoon-dev/el-base/-/el-base-1.5.3.tgz",
      "version": "1.5.3"
    },
    "node_modules/@duskmoon-dev/el-bottom-navigation": {
      "dependencies": {
        "@duskmoon-dev/core": "1.17.0",
        "@duskmoon-dev/el-base": "1.5.3"
      },
      "integrity": "sha512-EhLKwSiVIzcDFnY5+Aswcpi4TMrzuMTnkVBcokxB0/Yuk3dMDTZcyP3ArHPrBFTlH3VAHzCR+VI1nsE/5EDLQQ==",
      "resolved": "https://registry.npmjs.org/@duskmoon-dev/el-bottom-navigation/-/el-bottom-navigation-1.5.3.tgz",
      "version": "1.5.3"
    },
    "node_modules/@duskmoon-dev/el-bottom-navigation/node_modules/@duskmoon-dev/core": {
      "integrity": "sha512-217ZdHI3LdOBk/weWpJ0CX294693CpFdyeGUy7qO4C6MPEbjciyuA84lOWM258qE7P3yKVlAQQ9ni7kaU4wmIg==",
      "resolved": "https://registry.npmjs.org/@duskmoon-dev/core/-/core-1.17.0.tgz",
      "version": "1.17.0"
    },
    "node_modules/@duskmoon-dev/el-bottom-sheet": {
      "dependencies": {
        "@duskmoon-dev/core": "1.17.0",
        "@duskmoon-dev/el-base": "1.5.3"
      },
      "integrity": "sha512-DOU4i/la2bCVllmbpiXoHrXF+si7QLJ+d8cDbmpQxaUwMvQn8C9MJqcStnWyf6kO9LoflB1QdoxZ9y/8QdseRg==",
      "resolved": "https://registry.npmjs.org/@duskmoon-dev/el-bottom-sheet/-/el-bottom-sheet-1.5.3.tgz",
      "version": "1.5.3"
    },
    "node_modules/@duskmoon-dev/el-bottom-sheet/node_modules/@duskmoon-dev/core": {
      "integrity": "sha512-217ZdHI3LdOBk/weWpJ0CX294693CpFdyeGUy7qO4C6MPEbjciyuA84lOWM258qE7P3yKVlAQQ9ni7kaU4wmIg==",
      "resolved": "https://registry.npmjs.org/@duskmoon-dev/core/-/core-1.17.0.tgz",
      "version": "1.17.0"
    },
    "node_modules/@duskmoon-dev/el-breadcrumbs": {
      "dependencies": {
        "@duskmoon-dev/core": "1.17.0",
        "@duskmoon-dev/el-base": "1.5.3"
      },
      "integrity": "sha512-/HnrGe5BNA1HTwS4CehpP5SJZyG7aIyJj+X8P9YTQdsN8/np5K+Mu6N98NYakEKDoNzzHBbhneGeM209VGac/w==",
      "resolved": "https://registry.npmjs.org/@duskmoon-dev/el-breadcrumbs/-/el-breadcrumbs-1.5.3.tgz",
      "version": "1.5.3"
    },
    "node_modules/@duskmoon-dev/el-breadcrumbs/node_modules/@duskmoon-dev/core": {
      "integrity": "sha512-217ZdHI3LdOBk/weWpJ0CX294693CpFdyeGUy7qO4C6MPEbjciyuA84lOWM258qE7P3yKVlAQQ9ni7kaU4wmIg==",
      "resolved": "https://registry.npmjs.org/@duskmoon-dev/core/-/core-1.17.0.tgz",
      "version": "1.17.0"
    },
    "node_modules/@duskmoon-dev/el-button": {
      "dependencies": {
        "@duskmoon-dev/core": "1.17.0",
        "@duskmoon-dev/el-base": "1.5.3"
      },
      "integrity": "sha512-g+iqfIu/05ooJmcnAM5Am705/GlvXngHQV2pqGp4fDRHkuAUITn8nhPpsqZJm+AeQlLFmF8wwa785im5bUczOw==",
      "resolved": "https://registry.npmjs.org/@duskmoon-dev/el-button/-/el-button-1.5.3.tgz",
      "version": "1.5.3"
    },
    "node_modules/@duskmoon-dev/el-button/node_modules/@duskmoon-dev/core": {
      "integrity": "sha512-217ZdHI3LdOBk/weWpJ0CX294693CpFdyeGUy7qO4C6MPEbjciyuA84lOWM258qE7P3yKVlAQQ9ni7kaU4wmIg==",
      "resolved": "https://registry.npmjs.org/@duskmoon-dev/core/-/core-1.17.0.tgz",
      "version": "1.17.0"
    },
    "node_modules/@duskmoon-dev/el-card": {
      "dependencies": {
        "@duskmoon-dev/core": "1.17.0",
        "@duskmoon-dev/el-base": "1.5.3"
      },
      "integrity": "sha512-ExLYz63GwbZbepBQPW/0MHtO7NuD6yghPPhAvrIzhB/Qs/BMI1AaQAYSJHcM2F2pqQoJvNaZHgU8/NFM1pGqXg==",
      "resolved": "https://registry.npmjs.org/@duskmoon-dev/el-card/-/el-card-1.5.3.tgz",
      "version": "1.5.3"
    },
    "node_modules/@duskmoon-dev/el-card/node_modules/@duskmoon-dev/core": {
      "integrity": "sha512-217ZdHI3LdOBk/weWpJ0CX294693CpFdyeGUy7qO4C6MPEbjciyuA84lOWM258qE7P3yKVlAQQ9ni7kaU4wmIg==",
      "resolved": "https://registry.npmjs.org/@duskmoon-dev/core/-/core-1.17.0.tgz",
      "version": "1.17.0"
    },
    "node_modules/@duskmoon-dev/el-cascader": {
      "dependencies": {
        "@duskmoon-dev/core": "1.17.0",
        "@duskmoon-dev/el-base": "1.5.3"
      },
      "integrity": "sha512-MGVu6YEy/Fa84ryfN6mVC2mE8EnKtHlJDxlc0/DxgcMu9Saj12EILxtPq6uuANFKto+R+jgFkxA3XhnZTLxDfQ==",
      "resolved": "https://registry.npmjs.org/@duskmoon-dev/el-cascader/-/el-cascader-1.5.3.tgz",
      "version": "1.5.3"
    },
    "node_modules/@duskmoon-dev/el-cascader/node_modules/@duskmoon-dev/core": {
      "integrity": "sha512-217ZdHI3LdOBk/weWpJ0CX294693CpFdyeGUy7qO4C6MPEbjciyuA84lOWM258qE7P3yKVlAQQ9ni7kaU4wmIg==",
      "resolved": "https://registry.npmjs.org/@duskmoon-dev/core/-/core-1.17.0.tgz",
      "version": "1.17.0"
    },
    "node_modules/@duskmoon-dev/el-chart": {
      "dependencies": {
        "@duskmoon-dev/core": "1.17.0",
        "@duskmoon-dev/el-base": "1.5.3"
      },
      "integrity": "sha512-Cb1TmjhIz0UUvJqFT2v9sDiUR+G6X84mGhkUZTrH3M48B3nzdmOzEMjhqDBjc8B3JbyT4JiOCXla1KD16uqrMQ==",
      "resolved": "https://registry.npmjs.org/@duskmoon-dev/el-chart/-/el-chart-1.5.3.tgz",
      "version": "1.5.3"
    },
    "node_modules/@duskmoon-dev/el-chart/node_modules/@duskmoon-dev/core": {
      "integrity": "sha512-217ZdHI3LdOBk/weWpJ0CX294693CpFdyeGUy7qO4C6MPEbjciyuA84lOWM258qE7P3yKVlAQQ9ni7kaU4wmIg==",
      "resolved": "https://registry.npmjs.org/@duskmoon-dev/core/-/core-1.17.0.tgz",
      "version": "1.17.0"
    },
    "node_modules/@duskmoon-dev/el-chat": {
      "dependencies": {
        "@duskmoon-dev/core": "1.17.0",
        "@duskmoon-dev/el-base": "1.5.3",
        "@duskmoon-dev/el-markdown": "1.5.3",
        "@duskmoon-dev/el-markdown-input": "1.5.3",
        "@duskmoon-dev/el-tooltip": "1.5.3"
      },
      "integrity": "sha512-bE5nCMW9lK44AISAg9Eqffa/jayU8XyvZt9zmZRQHqgTakIsZSqgIGJn3xVddSscWzuHTD7SXBrAqJniChs9Ww==",
      "resolved": "https://registry.npmjs.org/@duskmoon-dev/el-chat/-/el-chat-1.5.3.tgz",
      "version": "1.5.3"
    },
    "node_modules/@duskmoon-dev/el-chat/node_modules/@duskmoon-dev/core": {
      "integrity": "sha512-217ZdHI3LdOBk/weWpJ0CX294693CpFdyeGUy7qO4C6MPEbjciyuA84lOWM258qE7P3yKVlAQQ9ni7kaU4wmIg==",
      "resolved": "https://registry.npmjs.org/@duskmoon-dev/core/-/core-1.17.0.tgz",
      "version": "1.17.0"
    },
    "node_modules/@duskmoon-dev/el-chat/node_modules/@duskmoon-dev/el-markdown": {
      "dependencies": {
        "@duskmoon-dev/core": "1.17.0",
        "@duskmoon-dev/el-base": "1.5.3",
        "highlight.js": "11.11.1",
        "marked": "18.0.4",
        "marked-highlight": "2.2.4"
      },
      "integrity": "sha512-TAP75SyqcVli2cKYdJI2Ne250q9dX1TkiO3VQ4r8N3k4nYmb4JF4mDrLTqbc/8saOwW3FxXtYH1Kj4rcLOudGw==",
      "resolved": "https://registry.npmjs.org/@duskmoon-dev/el-markdown/-/el-markdown-1.5.3.tgz",
      "version": "1.5.3"
    },
    "node_modules/@duskmoon-dev/el-chat/node_modules/@duskmoon-dev/el-markdown-input": {
      "dependencies": {
        "@duskmoon-dev/core": "1.17.0",
        "@duskmoon-dev/el-base": "1.5.3",
        "hast-util-sanitize": "5.0.2",
        "rehype-katex": "7.0.1",
        "rehype-prism-plus": "2.0.2",
        "rehype-sanitize": "6.0.0",
        "rehype-stringify": "10.0.1",
        "remark-gfm": "4.0.1",
        "remark-math": "6.0.0",
        "remark-parse": "11.0.0",
        "remark-rehype": "11.1.2",
        "unified": "11.0.5"
      },
      "integrity": "sha512-++ST1ikxvM+l6FBbU8MfR33n4slbLt5M6aHp4IBAgEWkhkofBOYqIpU6nmpjYc8Y4xFfyV0YF42H7/T0pj6DKw==",
      "optionalDependencies": {
        "mermaid": "11.15.0"
      },
      "resolved": "https://registry.npmjs.org/@duskmoon-dev/el-markdown-input/-/el-markdown-input-1.5.3.tgz",
      "version": "1.5.3"
    },
    "node_modules/@duskmoon-dev/el-chip": {
      "dependencies": {
        "@duskmoon-dev/core": "1.17.0",
        "@duskmoon-dev/el-base": "1.5.3"
      },
      "integrity": "sha512-ktkQLvo3KNf44/+AK4U+2/Fsump3ldErnt6JJXhzlJ+R/H2CqnFaGtk7mya0/2c/SOT5SpRkdYNl9la1obSciA==",
      "resolved": "https://registry.npmjs.org/@duskmoon-dev/el-chip/-/el-chip-1.5.3.tgz",
      "version": "1.5.3"
    },
    "node_modules/@duskmoon-dev/el-chip/node_modules/@duskmoon-dev/core": {
      "integrity": "sha512-217ZdHI3LdOBk/weWpJ0CX294693CpFdyeGUy7qO4C6MPEbjciyuA84lOWM258qE7P3yKVlAQQ9ni7kaU4wmIg==",
      "resolved": "https://registry.npmjs.org/@duskmoon-dev/core/-/core-1.17.0.tgz",
      "version": "1.17.0"
    },
    "node_modules/@duskmoon-dev/el-circle-menu": {
      "dependencies": {
        "@duskmoon-dev/core": "1.17.0",
        "@duskmoon-dev/el-base": "1.5.3"
      },
      "integrity": "sha512-pQGeMZM75r42g9KmlmDneNIP4h0SgNeNo7/Fq4JPhpH7J4OD3SW9vSifXGPHu+ICVDm4QA1FcLwLtNxbeyE2/A==",
      "resolved": "https://registry.npmjs.org/@duskmoon-dev/el-circle-menu/-/el-circle-menu-1.5.3.tgz",
      "version": "1.5.3"
    },
    "node_modules/@duskmoon-dev/el-circle-menu/node_modules/@duskmoon-dev/core": {
      "integrity": "sha512-217ZdHI3LdOBk/weWpJ0CX294693CpFdyeGUy7qO4C6MPEbjciyuA84lOWM258qE7P3yKVlAQQ9ni7kaU4wmIg==",
      "resolved": "https://registry.npmjs.org/@duskmoon-dev/core/-/core-1.17.0.tgz",
      "version": "1.17.0"
    },
    "node_modules/@duskmoon-dev/el-code-block": {
      "dependencies": {
        "@duskmoon-dev/core": "1.17.0",
        "@duskmoon-dev/el-base": "1.5.3"
      },
      "integrity": "sha512-sfK/wd8R8DY0t47SwOtB8qybevd+QnRS7nMel7bet0H/gV+SdkiM0OyuFvmrI2z0Q+jTVM7KmK6+5isYN7SFJw==",
      "resolved": "https://registry.npmjs.org/@duskmoon-dev/el-code-block/-/el-code-block-1.5.3.tgz",
      "version": "1.5.3"
    },
    "node_modules/@duskmoon-dev/el-code-block/node_modules/@duskmoon-dev/core": {
      "integrity": "sha512-217ZdHI3LdOBk/weWpJ0CX294693CpFdyeGUy7qO4C6MPEbjciyuA84lOWM258qE7P3yKVlAQQ9ni7kaU4wmIg==",
      "resolved": "https://registry.npmjs.org/@duskmoon-dev/core/-/core-1.17.0.tgz",
      "version": "1.17.0"
    },
    "node_modules/@duskmoon-dev/el-code-engine": {
      "dependencies": {
        "@duskmoon-dev/code-engine": "^0.3.0",
        "@duskmoon-dev/el-base": "1.5.3"
      },
      "integrity": "sha512-58vaWDrmK4juklvNln10oPYw6Jh9zKuKQdtl1yJwjyD+IjFHC/886M6S4GKh5uETUtPp3kDl7fJupH928PmumA==",
      "resolved": "https://registry.npmjs.org/@duskmoon-dev/el-code-engine/-/el-code-engine-1.5.3.tgz",
      "version": "1.5.3"
    },
    "node_modules/@duskmoon-dev/el-datepicker": {
      "dependencies": {
        "@duskmoon-dev/core": "1.17.0",
        "@duskmoon-dev/el-base": "1.5.3"
      },
      "integrity": "sha512-nij+H9M488FAoR9JTR0BqaF8nuZ4s9YJdjAmXIoZ5SeQubMjcMaA0j7I1ZI0XHP6z+frJepaQU+llb4Zqrfj2Q==",
      "resolved": "https://registry.npmjs.org/@duskmoon-dev/el-datepicker/-/el-datepicker-1.5.3.tgz",
      "version": "1.5.3"
    },
    "node_modules/@duskmoon-dev/el-datepicker/node_modules/@duskmoon-dev/core": {
      "integrity": "sha512-217ZdHI3LdOBk/weWpJ0CX294693CpFdyeGUy7qO4C6MPEbjciyuA84lOWM258qE7P3yKVlAQQ9ni7kaU4wmIg==",
      "resolved": "https://registry.npmjs.org/@duskmoon-dev/core/-/core-1.17.0.tgz",
      "version": "1.17.0"
    },
    "node_modules/@duskmoon-dev/el-dialog": {
      "dependencies": {
        "@duskmoon-dev/core": "1.17.0",
        "@duskmoon-dev/el-base": "1.5.3"
      },
      "integrity": "sha512-T8R2YYIGC/JbDtsT5bdd4AixF5zH+eHKf8AyT7U6+KwQzxqIglf9jr/XTezSe+6uKfwiW36lM6/ZBoxIo8LEuA==",
      "resolved": "https://registry.npmjs.org/@duskmoon-dev/el-dialog/-/el-dialog-1.5.3.tgz",
      "version": "1.5.3"
    },
    "node_modules/@duskmoon-dev/el-dialog/node_modules/@duskmoon-dev/core": {
      "integrity": "sha512-217ZdHI3LdOBk/weWpJ0CX294693CpFdyeGUy7qO4C6MPEbjciyuA84lOWM258qE7P3yKVlAQQ9ni7kaU4wmIg==",
      "resolved": "https://registry.npmjs.org/@duskmoon-dev/core/-/core-1.17.0.tgz",
      "version": "1.17.0"
    },
    "node_modules/@duskmoon-dev/el-drawer": {
      "dependencies": {
        "@duskmoon-dev/core": "1.17.0",
        "@duskmoon-dev/el-base": "1.5.3"
      },
      "integrity": "sha512-xx4dfnvOUWi2yOgvM7Go1AVexKbDZxjTarM/SwjDYYRzWGUO65lcLEXIFsKSUwFDMcTMyUXMvE97oVl/DzAtMA==",
      "resolved": "https://registry.npmjs.org/@duskmoon-dev/el-drawer/-/el-drawer-1.5.3.tgz",
      "version": "1.5.3"
    },
    "node_modules/@duskmoon-dev/el-drawer/node_modules/@duskmoon-dev/core": {
      "integrity": "sha512-217ZdHI3LdOBk/weWpJ0CX294693CpFdyeGUy7qO4C6MPEbjciyuA84lOWM258qE7P3yKVlAQQ9ni7kaU4wmIg==",
      "resolved": "https://registry.npmjs.org/@duskmoon-dev/core/-/core-1.17.0.tgz",
      "version": "1.17.0"
    },
    "node_modules/@duskmoon-dev/el-file-upload": {
      "dependencies": {
        "@duskmoon-dev/core": "1.17.0",
        "@duskmoon-dev/el-base": "1.5.3"
      },
      "integrity": "sha512-X5qOp4L/r7rMT/XxiFT0tjBXf09RT1DPFZWa6mYCwCs0ZlfguWjcf4AK8c73sx8ItbAOKMcTCBYIfSk4EsmPFg==",
      "resolved": "https://registry.npmjs.org/@duskmoon-dev/el-file-upload/-/el-file-upload-1.5.3.tgz",
      "version": "1.5.3"
    },
    "node_modules/@duskmoon-dev/el-file-upload/node_modules/@duskmoon-dev/core": {
      "integrity": "sha512-217ZdHI3LdOBk/weWpJ0CX294693CpFdyeGUy7qO4C6MPEbjciyuA84lOWM258qE7P3yKVlAQQ9ni7kaU4wmIg==",
      "resolved": "https://registry.npmjs.org/@duskmoon-dev/core/-/core-1.17.0.tgz",
      "version": "1.17.0"
    },
    "node_modules/@duskmoon-dev/el-form": {
      "dependencies": {
        "@duskmoon-dev/core": "1.17.0",
        "@duskmoon-dev/el-base": "1.5.3"
      },
      "integrity": "sha512-MMl/IcXb+wBWuQ1Su5T/l0yuKkuF/1+p9fiiCY8nBoHJ+T61cmJD4NFIV1srQdqOEfgEwkKLNRvKjkbLYZSiiA==",
      "resolved": "https://registry.npmjs.org/@duskmoon-dev/el-form/-/el-form-1.5.3.tgz",
      "version": "1.5.3"
    },
    "node_modules/@duskmoon-dev/el-form-group": {
      "dependencies": {
        "@duskmoon-dev/core": "1.17.0",
        "@duskmoon-dev/el-base": "1.5.3"
      },
      "integrity": "sha512-6jxWuZjbpgkAYq76nkNq16cUwotTYbfM44Ml/8eEXirl6lYAnjiejoXx1tn69nbQL0uKYVP5oycaJxalF8KZHw==",
      "resolved": "https://registry.npmjs.org/@duskmoon-dev/el-form-group/-/el-form-group-1.5.3.tgz",
      "version": "1.5.3"
    },
    "node_modules/@duskmoon-dev/el-form-group/node_modules/@duskmoon-dev/core": {
      "integrity": "sha512-217ZdHI3LdOBk/weWpJ0CX294693CpFdyeGUy7qO4C6MPEbjciyuA84lOWM258qE7P3yKVlAQQ9ni7kaU4wmIg==",
      "resolved": "https://registry.npmjs.org/@duskmoon-dev/core/-/core-1.17.0.tgz",
      "version": "1.17.0"
    },
    "node_modules/@duskmoon-dev/el-form/node_modules/@duskmoon-dev/core": {
      "integrity": "sha512-217ZdHI3LdOBk/weWpJ0CX294693CpFdyeGUy7qO4C6MPEbjciyuA84lOWM258qE7P3yKVlAQQ9ni7kaU4wmIg==",
      "resolved": "https://registry.npmjs.org/@duskmoon-dev/core/-/core-1.17.0.tgz",
      "version": "1.17.0"
    },
    "node_modules/@duskmoon-dev/el-input": {
      "dependencies": {
        "@duskmoon-dev/core": "1.17.0",
        "@duskmoon-dev/el-base": "1.5.3"
      },
      "integrity": "sha512-W0p6NxWMrIPMuNHzgTo424KKnt1uy5O1lIFRa+xFEnMrHqpsm+R9LWKf2cvVs01QjtnCBKUYQtF/CtsvTM0VSQ==",
      "resolved": "https://registry.npmjs.org/@duskmoon-dev/el-input/-/el-input-1.5.3.tgz",
      "version": "1.5.3"
    },
    "node_modules/@duskmoon-dev/el-input/node_modules/@duskmoon-dev/core": {
      "integrity": "sha512-217ZdHI3LdOBk/weWpJ0CX294693CpFdyeGUy7qO4C6MPEbjciyuA84lOWM258qE7P3yKVlAQQ9ni7kaU4wmIg==",
      "resolved": "https://registry.npmjs.org/@duskmoon-dev/core/-/core-1.17.0.tgz",
      "version": "1.17.0"
    },
    "node_modules/@duskmoon-dev/el-menu": {
      "dependencies": {
        "@duskmoon-dev/core": "1.17.0",
        "@duskmoon-dev/el-base": "1.5.3"
      },
      "integrity": "sha512-orKhdG1a5fhUAxgFUmQyDq+PyTskazezj8lPpeZRPlyQ7vlTJA6d+V4job9Hwetyra/o3pKnXDdupZHyxLSfBg==",
      "resolved": "https://registry.npmjs.org/@duskmoon-dev/el-menu/-/el-menu-1.5.3.tgz",
      "version": "1.5.3"
    },
    "node_modules/@duskmoon-dev/el-menu/node_modules/@duskmoon-dev/core": {
      "integrity": "sha512-217ZdHI3LdOBk/weWpJ0CX294693CpFdyeGUy7qO4C6MPEbjciyuA84lOWM258qE7P3yKVlAQQ9ni7kaU4wmIg==",
      "resolved": "https://registry.npmjs.org/@duskmoon-dev/core/-/core-1.17.0.tgz",
      "version": "1.17.0"
    },
    "node_modules/@duskmoon-dev/el-navbar": {
      "dependencies": {
        "@duskmoon-dev/core": "1.17.0",
        "@duskmoon-dev/el-base": "1.5.3"
      },
      "integrity": "sha512-4A45u9uk3UA9AfutPbLq5hPziRAoLsdgJv8mhspp2cKDLVqx19ETT52+1LBT8CAXz7PuqHuJcmMa5qGmW/wInQ==",
      "resolved": "https://registry.npmjs.org/@duskmoon-dev/el-navbar/-/el-navbar-1.5.3.tgz",
      "version": "1.5.3"
    },
    "node_modules/@duskmoon-dev/el-navbar/node_modules/@duskmoon-dev/core": {
      "integrity": "sha512-217ZdHI3LdOBk/weWpJ0CX294693CpFdyeGUy7qO4C6MPEbjciyuA84lOWM258qE7P3yKVlAQQ9ni7kaU4wmIg==",
      "resolved": "https://registry.npmjs.org/@duskmoon-dev/core/-/core-1.17.0.tgz",
      "version": "1.17.0"
    },
    "node_modules/@duskmoon-dev/el-navigation": {
      "dependencies": {
        "@duskmoon-dev/core": "1.17.0",
        "@duskmoon-dev/el-base": "1.5.3"
      },
      "integrity": "sha512-GcRN251D1H+c2SgEfQ4gMeikcD0DtCp/ErKallyIuHHQBEZwZhMog4io4eTPysZp6pgp6ti3wZ+kxpv57xL1NA==",
      "resolved": "https://registry.npmjs.org/@duskmoon-dev/el-navigation/-/el-navigation-1.5.3.tgz",
      "version": "1.5.3"
    },
    "node_modules/@duskmoon-dev/el-navigation/node_modules/@duskmoon-dev/core": {
      "integrity": "sha512-217ZdHI3LdOBk/weWpJ0CX294693CpFdyeGUy7qO4C6MPEbjciyuA84lOWM258qE7P3yKVlAQQ9ni7kaU4wmIg==",
      "resolved": "https://registry.npmjs.org/@duskmoon-dev/core/-/core-1.17.0.tgz",
      "version": "1.17.0"
    },
    "node_modules/@duskmoon-dev/el-nested-menu": {
      "dependencies": {
        "@duskmoon-dev/core": "1.17.0",
        "@duskmoon-dev/el-base": "1.5.3"
      },
      "integrity": "sha512-ETL6H/c50cPpHCCwLVWXn8/vlLjKk4Jyf++358+Wp5zQNrJTDi6R2gKnqXGrBx740nIW9cDygbJsKHCxCZxAIg==",
      "resolved": "https://registry.npmjs.org/@duskmoon-dev/el-nested-menu/-/el-nested-menu-1.5.3.tgz",
      "version": "1.5.3"
    },
    "node_modules/@duskmoon-dev/el-nested-menu/node_modules/@duskmoon-dev/core": {
      "integrity": "sha512-217ZdHI3LdOBk/weWpJ0CX294693CpFdyeGUy7qO4C6MPEbjciyuA84lOWM258qE7P3yKVlAQQ9ni7kaU4wmIg==",
      "resolved": "https://registry.npmjs.org/@duskmoon-dev/core/-/core-1.17.0.tgz",
      "version": "1.17.0"
    },
    "node_modules/@duskmoon-dev/el-otp-input": {
      "dependencies": {
        "@duskmoon-dev/core": "1.17.0",
        "@duskmoon-dev/el-base": "1.5.3"
      },
      "integrity": "sha512-UbD3pkrv/d+ddifPMF72bcudPoAqRkcYUvZan23eaJUOqb6OeHmqM95ll+BTIUaktJNLb1yRC5qkUrTQGJUPGA==",
      "resolved": "https://registry.npmjs.org/@duskmoon-dev/el-otp-input/-/el-otp-input-1.5.3.tgz",
      "version": "1.5.3"
    },
    "node_modules/@duskmoon-dev/el-otp-input/node_modules/@duskmoon-dev/core": {
      "integrity": "sha512-217ZdHI3LdOBk/weWpJ0CX294693CpFdyeGUy7qO4C6MPEbjciyuA84lOWM258qE7P3yKVlAQQ9ni7kaU4wmIg==",
      "resolved": "https://registry.npmjs.org/@duskmoon-dev/core/-/core-1.17.0.tgz",
      "version": "1.17.0"
    },
    "node_modules/@duskmoon-dev/el-pagination": {
      "dependencies": {
        "@duskmoon-dev/core": "1.17.0",
        "@duskmoon-dev/el-base": "1.5.3"
      },
      "integrity": "sha512-dRrY4GBy30fgNYoWYPeRMoI4ZPwHq9T+UK9zXUqukSileods/hd5BP/ZfzKWD6hhlSZWsrgh+oE9KpuJrHCoJw==",
      "resolved": "https://registry.npmjs.org/@duskmoon-dev/el-pagination/-/el-pagination-1.5.3.tgz",
      "version": "1.5.3"
    },
    "node_modules/@duskmoon-dev/el-pagination/node_modules/@duskmoon-dev/core": {
      "integrity": "sha512-217ZdHI3LdOBk/weWpJ0CX294693CpFdyeGUy7qO4C6MPEbjciyuA84lOWM258qE7P3yKVlAQQ9ni7kaU4wmIg==",
      "resolved": "https://registry.npmjs.org/@duskmoon-dev/core/-/core-1.17.0.tgz",
      "version": "1.17.0"
    },
    "node_modules/@duskmoon-dev/el-pin-input": {
      "dependencies": {
        "@duskmoon-dev/core": "1.17.0",
        "@duskmoon-dev/el-base": "1.5.3"
      },
      "integrity": "sha512-4nQFS/q7DwjUlZS0/TEl8mR4S+CjtuKNbFa+2pNxDKLiCF1HlKFzkhuGrh6SYAmw3zKCk6kEiSER4YMnobyy5A==",
      "resolved": "https://registry.npmjs.org/@duskmoon-dev/el-pin-input/-/el-pin-input-1.5.3.tgz",
      "version": "1.5.3"
    },
    "node_modules/@duskmoon-dev/el-pin-input/node_modules/@duskmoon-dev/core": {
      "integrity": "sha512-217ZdHI3LdOBk/weWpJ0CX294693CpFdyeGUy7qO4C6MPEbjciyuA84lOWM258qE7P3yKVlAQQ9ni7kaU4wmIg==",
      "resolved": "https://registry.npmjs.org/@duskmoon-dev/core/-/core-1.17.0.tgz",
      "version": "1.17.0"
    },
    "node_modules/@duskmoon-dev/el-popover": {
      "dependencies": {
        "@duskmoon-dev/core": "1.17.0",
        "@duskmoon-dev/el-base": "1.5.3"
      },
      "integrity": "sha512-jVbo05bPU0vVVI+T1gCd+0ztV8pj+I819N3TVjcfacOyX7IMC+xec8kblVj32HgMFjpVfEZibH/aVXqb5NLFbQ==",
      "resolved": "https://registry.npmjs.org/@duskmoon-dev/el-popover/-/el-popover-1.5.3.tgz",
      "version": "1.5.3"
    },
    "node_modules/@duskmoon-dev/el-popover/node_modules/@duskmoon-dev/core": {
      "integrity": "sha512-217ZdHI3LdOBk/weWpJ0CX294693CpFdyeGUy7qO4C6MPEbjciyuA84lOWM258qE7P3yKVlAQQ9ni7kaU4wmIg==",
      "resolved": "https://registry.npmjs.org/@duskmoon-dev/core/-/core-1.17.0.tgz",
      "version": "1.17.0"
    },
    "node_modules/@duskmoon-dev/el-pro-data-grid": {
      "dependencies": {
        "@duskmoon-dev/el-base": "1.5.3"
      },
      "integrity": "sha512-gAWTaaYkH5h7dFKzKGoT32f1NtmS/+wkOT9Z+znhwAX4K3GS0UZ81fAAilPdllw5iWnHCUtEVd1uNsHa4t/WjQ==",
      "resolved": "https://registry.npmjs.org/@duskmoon-dev/el-pro-data-grid/-/el-pro-data-grid-1.5.3.tgz",
      "version": "1.5.3"
    },
    "node_modules/@duskmoon-dev/el-progress": {
      "dependencies": {
        "@duskmoon-dev/core": "1.17.0",
        "@duskmoon-dev/el-base": "1.5.3"
      },
      "integrity": "sha512-uqvngpX2PAX/Mj8p/ZXRWeaMfd0qi8jpto3r8vIeOkJK0qnG/wNLSiqklVwqwRg8LKk7hmMq5fnbutMh8k3CNw==",
      "resolved": "https://registry.npmjs.org/@duskmoon-dev/el-progress/-/el-progress-1.5.3.tgz",
      "version": "1.5.3"
    },
    "node_modules/@duskmoon-dev/el-progress/node_modules/@duskmoon-dev/core": {
      "integrity": "sha512-217ZdHI3LdOBk/weWpJ0CX294693CpFdyeGUy7qO4C6MPEbjciyuA84lOWM258qE7P3yKVlAQQ9ni7kaU4wmIg==",
      "resolved": "https://registry.npmjs.org/@duskmoon-dev/core/-/core-1.17.0.tgz",
      "version": "1.17.0"
    },
    "node_modules/@duskmoon-dev/el-segment-control": {
      "dependencies": {
        "@duskmoon-dev/core": "1.17.0",
        "@duskmoon-dev/el-base": "1.5.3"
      },
      "integrity": "sha512-YfE+Dk6sqSTsp/2VeuKunOW7r756B/hPfZbbw3RWpnnWTru4VgVRWIyYU5fKtiDZMoZb5bXf6EtHBIgzyMyOvA==",
      "resolved": "https://registry.npmjs.org/@duskmoon-dev/el-segment-control/-/el-segment-control-1.5.3.tgz",
      "version": "1.5.3"
    },
    "node_modules/@duskmoon-dev/el-segment-control/node_modules/@duskmoon-dev/core": {
      "integrity": "sha512-217ZdHI3LdOBk/weWpJ0CX294693CpFdyeGUy7qO4C6MPEbjciyuA84lOWM258qE7P3yKVlAQQ9ni7kaU4wmIg==",
      "resolved": "https://registry.npmjs.org/@duskmoon-dev/core/-/core-1.17.0.tgz",
      "version": "1.17.0"
    },
    "node_modules/@duskmoon-dev/el-select": {
      "dependencies": {
        "@duskmoon-dev/core": "1.17.0",
        "@duskmoon-dev/el-base": "1.5.3"
      },
      "integrity": "sha512-er2lkMGOptMI+j1k70Ph3zvJEf2jh9xO7m7/nO0CPPyhyyp9nEETI1Bnv8EIJ4u4q9veLMj5GGMcZxNOv2ZnIQ==",
      "resolved": "https://registry.npmjs.org/@duskmoon-dev/el-select/-/el-select-1.5.3.tgz",
      "version": "1.5.3"
    },
    "node_modules/@duskmoon-dev/el-select/node_modules/@duskmoon-dev/core": {
      "integrity": "sha512-217ZdHI3LdOBk/weWpJ0CX294693CpFdyeGUy7qO4C6MPEbjciyuA84lOWM258qE7P3yKVlAQQ9ni7kaU4wmIg==",
      "resolved": "https://registry.npmjs.org/@duskmoon-dev/core/-/core-1.17.0.tgz",
      "version": "1.17.0"
    },
    "node_modules/@duskmoon-dev/el-slider": {
      "dependencies": {
        "@duskmoon-dev/core": "1.17.0",
        "@duskmoon-dev/el-base": "1.5.3"
      },
      "integrity": "sha512-vSZKKXE32xlRsF+f5JQnXnyTSbgw2tU1Od1a6Xat9yGpQ7e0YAzdJOfHoLTfFLxRK/aAzZG8z0qwkY3vGILwqA==",
      "resolved": "https://registry.npmjs.org/@duskmoon-dev/el-slider/-/el-slider-1.5.3.tgz",
      "version": "1.5.3"
    },
    "node_modules/@duskmoon-dev/el-slider/node_modules/@duskmoon-dev/core": {
      "integrity": "sha512-217ZdHI3LdOBk/weWpJ0CX294693CpFdyeGUy7qO4C6MPEbjciyuA84lOWM258qE7P3yKVlAQQ9ni7kaU4wmIg==",
      "resolved": "https://registry.npmjs.org/@duskmoon-dev/core/-/core-1.17.0.tgz",
      "version": "1.17.0"
    },
    "node_modules/@duskmoon-dev/el-stepper": {
      "dependencies": {
        "@duskmoon-dev/core": "1.17.0",
        "@duskmoon-dev/el-base": "1.5.3"
      },
      "integrity": "sha512-LxnYffJ3K7vALXPwAshB3jpBKEfK4wjYoCmP/Rp0jYzKDQbZPuQcWrqDHwzaiwl2h+K53UZVHIg1++0240NbcQ==",
      "resolved": "https://registry.npmjs.org/@duskmoon-dev/el-stepper/-/el-stepper-1.5.3.tgz",
      "version": "1.5.3"
    },
    "node_modules/@duskmoon-dev/el-stepper/node_modules/@duskmoon-dev/core": {
      "integrity": "sha512-217ZdHI3LdOBk/weWpJ0CX294693CpFdyeGUy7qO4C6MPEbjciyuA84lOWM258qE7P3yKVlAQQ9ni7kaU4wmIg==",
      "resolved": "https://registry.npmjs.org/@duskmoon-dev/core/-/core-1.17.0.tgz",
      "version": "1.17.0"
    },
    "node_modules/@duskmoon-dev/el-switch": {
      "dependencies": {
        "@duskmoon-dev/core": "1.17.0",
        "@duskmoon-dev/el-base": "1.5.3"
      },
      "integrity": "sha512-yXHBn0bb5nXpN3Dctv7nNX5DlH5sz/r1zo1Jh8mI5zLhVuS5okr/EMlIITKEa4fz9oWkyfIlTi3vHu/73Cfftw==",
      "resolved": "https://registry.npmjs.org/@duskmoon-dev/el-switch/-/el-switch-1.5.3.tgz",
      "version": "1.5.3"
    },
    "node_modules/@duskmoon-dev/el-switch/node_modules/@duskmoon-dev/core": {
      "integrity": "sha512-217ZdHI3LdOBk/weWpJ0CX294693CpFdyeGUy7qO4C6MPEbjciyuA84lOWM258qE7P3yKVlAQQ9ni7kaU4wmIg==",
      "resolved": "https://registry.npmjs.org/@duskmoon-dev/core/-/core-1.17.0.tgz",
      "version": "1.17.0"
    },
    "node_modules/@duskmoon-dev/el-table": {
      "dependencies": {
        "@duskmoon-dev/core": "1.17.0",
        "@duskmoon-dev/el-base": "1.5.3"
      },
      "integrity": "sha512-UGUIRtlP3H9M4v1ieeaQAhAzzHMA1kszr//grqSol7iGKq0BWvmRxY/DoevOsaHevriPT3XkUDNRhD/Hsamc0A==",
      "resolved": "https://registry.npmjs.org/@duskmoon-dev/el-table/-/el-table-1.5.3.tgz",
      "version": "1.5.3"
    },
    "node_modules/@duskmoon-dev/el-table/node_modules/@duskmoon-dev/core": {
      "integrity": "sha512-217ZdHI3LdOBk/weWpJ0CX294693CpFdyeGUy7qO4C6MPEbjciyuA84lOWM258qE7P3yKVlAQQ9ni7kaU4wmIg==",
      "resolved": "https://registry.npmjs.org/@duskmoon-dev/core/-/core-1.17.0.tgz",
      "version": "1.17.0"
    },
    "node_modules/@duskmoon-dev/el-tabs": {
      "dependencies": {
        "@duskmoon-dev/core": "1.17.0",
        "@duskmoon-dev/el-base": "1.5.3"
      },
      "integrity": "sha512-uY2/DHZrvgqzNLqgRgiSFH9gnoSTH5YhQsUkzZOBJMKKuoXLmweX4U7tJLd0OEkd+4N1bhOZAwwq6MmFLrWqJg==",
      "resolved": "https://registry.npmjs.org/@duskmoon-dev/el-tabs/-/el-tabs-1.5.3.tgz",
      "version": "1.5.3"
    },
    "node_modules/@duskmoon-dev/el-tabs/node_modules/@duskmoon-dev/core": {
      "integrity": "sha512-217ZdHI3LdOBk/weWpJ0CX294693CpFdyeGUy7qO4C6MPEbjciyuA84lOWM258qE7P3yKVlAQQ9ni7kaU4wmIg==",
      "resolved": "https://registry.npmjs.org/@duskmoon-dev/core/-/core-1.17.0.tgz",
      "version": "1.17.0"
    },
    "node_modules/@duskmoon-dev/el-theme-controller": {
      "dependencies": {
        "@duskmoon-dev/core": "1.17.0",
        "@duskmoon-dev/el-base": "1.5.3"
      },
      "integrity": "sha512-Aqbg+mVWHeqLfedvBV49EvfpiCWUZMHv7BH5lkYzd3nIp6JgKbCoCAjQdRE90lekneoEwOGV1FD4AesNUwrVLQ==",
      "resolved": "https://registry.npmjs.org/@duskmoon-dev/el-theme-controller/-/el-theme-controller-1.5.3.tgz",
      "version": "1.5.3"
    },
    "node_modules/@duskmoon-dev/el-theme-controller/node_modules/@duskmoon-dev/core": {
      "integrity": "sha512-217ZdHI3LdOBk/weWpJ0CX294693CpFdyeGUy7qO4C6MPEbjciyuA84lOWM258qE7P3yKVlAQQ9ni7kaU4wmIg==",
      "resolved": "https://registry.npmjs.org/@duskmoon-dev/core/-/core-1.17.0.tgz",
      "version": "1.17.0"
    },
    "node_modules/@duskmoon-dev/el-time-input": {
      "dependencies": {
        "@duskmoon-dev/core": "1.17.0",
        "@duskmoon-dev/el-base": "1.5.3"
      },
      "integrity": "sha512-RiGMZSudtf5abw6JHf3GgCX0HvsdPgPfjsdyRG/pVOdyBWxnouGFWsloTegIWK6bia24qIfWT+r3WiANLxwg6Q==",
      "resolved": "https://registry.npmjs.org/@duskmoon-dev/el-time-input/-/el-time-input-1.5.3.tgz",
      "version": "1.5.3"
    },
    "node_modules/@duskmoon-dev/el-time-input/node_modules/@duskmoon-dev/core": {
      "integrity": "sha512-217ZdHI3LdOBk/weWpJ0CX294693CpFdyeGUy7qO4C6MPEbjciyuA84lOWM258qE7P3yKVlAQQ9ni7kaU4wmIg==",
      "resolved": "https://registry.npmjs.org/@duskmoon-dev/core/-/core-1.17.0.tgz",
      "version": "1.17.0"
    },
    "node_modules/@duskmoon-dev/el-tooltip": {
      "dependencies": {
        "@duskmoon-dev/core": "1.17.0",
        "@duskmoon-dev/el-base": "1.5.3"
      },
      "integrity": "sha512-hudaZQ9H7sXE7SBY1aA71Pl4CwrS/tRisHzoD65dBm0ANV22lhAA6poRsylKSLm47w2BwFE72MMj8VrH0gwejg==",
      "resolved": "https://registry.npmjs.org/@duskmoon-dev/el-tooltip/-/el-tooltip-1.5.3.tgz",
      "version": "1.5.3"
    },
    "node_modules/@duskmoon-dev/el-tooltip/node_modules/@duskmoon-dev/core": {
      "integrity": "sha512-217ZdHI3LdOBk/weWpJ0CX294693CpFdyeGUy7qO4C6MPEbjciyuA84lOWM258qE7P3yKVlAQQ9ni7kaU4wmIg==",
      "resolved": "https://registry.npmjs.org/@duskmoon-dev/core/-/core-1.17.0.tgz",
      "version": "1.17.0"
    },
    "node_modules/@duskmoon-dev/elements": {
      "dependencies": {
        "@duskmoon-dev/el-accordion": "1.5.3",
        "@duskmoon-dev/el-alert": "1.5.3",
        "@duskmoon-dev/el-autocomplete": "1.5.3",
        "@duskmoon-dev/el-badge": "1.5.3",
        "@duskmoon-dev/el-base": "1.5.3",
        "@duskmoon-dev/el-bottom-navigation": "1.5.3",
        "@duskmoon-dev/el-bottom-sheet": "1.5.3",
        "@duskmoon-dev/el-breadcrumbs": "1.5.3",
        "@duskmoon-dev/el-button": "1.5.3",
        "@duskmoon-dev/el-card": "1.5.3",
        "@duskmoon-dev/el-cascader": "1.5.3",
        "@duskmoon-dev/el-chart": "1.5.3",
        "@duskmoon-dev/el-chat": "1.5.3",
        "@duskmoon-dev/el-chip": "1.5.3",
        "@duskmoon-dev/el-circle-menu": "1.5.3",
        "@duskmoon-dev/el-code-block": "1.5.3",
        "@duskmoon-dev/el-code-engine": "1.5.3",
        "@duskmoon-dev/el-datepicker": "1.5.3",
        "@duskmoon-dev/el-dialog": "1.5.3",
        "@duskmoon-dev/el-drawer": "1.5.3",
        "@duskmoon-dev/el-file-upload": "1.5.3",
        "@duskmoon-dev/el-form": "1.5.3",
        "@duskmoon-dev/el-form-group": "1.5.3",
        "@duskmoon-dev/el-input": "1.5.3",
        "@duskmoon-dev/el-markdown": "1.5.3",
        "@duskmoon-dev/el-markdown-input": "1.5.3",
        "@duskmoon-dev/el-menu": "1.5.3",
        "@duskmoon-dev/el-navbar": "1.5.3",
        "@duskmoon-dev/el-navigation": "1.5.3",
        "@duskmoon-dev/el-nested-menu": "1.5.3",
        "@duskmoon-dev/el-otp-input": "1.5.3",
        "@duskmoon-dev/el-pagination": "1.5.3",
        "@duskmoon-dev/el-pin-input": "1.5.3",
        "@duskmoon-dev/el-popover": "1.5.3",
        "@duskmoon-dev/el-pro-data-grid": "1.5.3",
        "@duskmoon-dev/el-progress": "1.5.3",
        "@duskmoon-dev/el-segment-control": "1.5.3",
        "@duskmoon-dev/el-select": "1.5.3",
        "@duskmoon-dev/el-slider": "1.5.3",
        "@duskmoon-dev/el-stepper": "1.5.3",
        "@duskmoon-dev/el-switch": "1.5.3",
        "@duskmoon-dev/el-table": "1.5.3",
        "@duskmoon-dev/el-tabs": "1.5.3",
        "@duskmoon-dev/el-theme-controller": "1.5.3",
        "@duskmoon-dev/el-time-input": "1.5.3",
        "@duskmoon-dev/el-tooltip": "1.5.3"
      },
      "integrity": "sha512-M+aFc81S749ewU68kQ+3Lr1SSGplzod+4hQ+rSIJa4ouMd+t2xth/OGXBdC031x7D4WRHToKT56N2iH/vt1Y0w==",
      "resolved": "https://registry.npmjs.org/@duskmoon-dev/elements/-/elements-1.5.6.tgz",
      "version": "1.5.6"
    },
    "node_modules/@duskmoon-dev/elements/node_modules/@duskmoon-dev/el-markdown": {
      "dependencies": {
        "@duskmoon-dev/core": "1.17.0",
        "@duskmoon-dev/el-base": "1.5.3",
        "highlight.js": "11.11.1",
        "marked": "18.0.4",
        "marked-highlight": "2.2.4"
      },
      "integrity": "sha512-TAP75SyqcVli2cKYdJI2Ne250q9dX1TkiO3VQ4r8N3k4nYmb4JF4mDrLTqbc/8saOwW3FxXtYH1Kj4rcLOudGw==",
      "resolved": "https://registry.npmjs.org/@duskmoon-dev/el-markdown/-/el-markdown-1.5.3.tgz",
      "version": "1.5.3"
    },
    "node_modules/@duskmoon-dev/elements/node_modules/@duskmoon-dev/el-markdown-input": {
      "dependencies": {
        "@duskmoon-dev/core": "1.17.0",
        "@duskmoon-dev/el-base": "1.5.3",
        "hast-util-sanitize": "5.0.2",
        "rehype-katex": "7.0.1",
        "rehype-prism-plus": "2.0.2",
        "rehype-sanitize": "6.0.0",
        "rehype-stringify": "10.0.1",
        "remark-gfm": "4.0.1",
        "remark-math": "6.0.0",
        "remark-parse": "11.0.0",
        "remark-rehype": "11.1.2",
        "unified": "11.0.5"
      },
      "integrity": "sha512-++ST1ikxvM+l6FBbU8MfR33n4slbLt5M6aHp4IBAgEWkhkofBOYqIpU6nmpjYc8Y4xFfyV0YF42H7/T0pj6DKw==",
      "optionalDependencies": {
        "mermaid": "11.15.0"
      },
      "resolved": "https://registry.npmjs.org/@duskmoon-dev/el-markdown-input/-/el-markdown-input-1.5.3.tgz",
      "version": "1.5.3"
    },
    "node_modules/manifold_web": {
      "link": true,
      "resolved": "apps/manifold_web"
    },
    "node_modules/marked": {
      "integrity": "sha512-iDVQ5ldaiKXn6b2JroX5kgRfmwgqolW7NpaEzTl1k/2Zh1njIEN9yniyLV/mOvWwtsE8OGgkjsCYvijuPk1dtA==",
      "resolved": "https://registry.npmjs.org/marked/-/marked-18.0.7.tgz",
      "version": "18.0.7"
    },
    "node_modules/phoenix_duskmoon": {
      "dependencies": {
        "@duskmoon-dev/art-elements": "1.5.6",
        "@duskmoon-dev/core": "1.17.0",
        "@duskmoon-dev/css-art": "1.17.0",
        "@duskmoon-dev/elements": "1.5.6"
      },
      "integrity": "sha512-2kRzCZZQAKjyyQ4lsN6x1V49oDjkDlCHQa4O3qWN9RMMIHs95aPHw9PRXepBd6oEp1bkfpJ20WZAzvjLTVRqaA==",
      "resolved": "https://registry.npmjs.org/phoenix_duskmoon/-/phoenix_duskmoon-9.9.4.tgz",
      "version": "9.9.4"
    },
    "node_modules/phoenix_duskmoon/node_modules/@duskmoon-dev/core": {
      "integrity": "sha512-217ZdHI3LdOBk/weWpJ0CX294693CpFdyeGUy7qO4C6MPEbjciyuA84lOWM258qE7P3yKVlAQQ9ni7kaU4wmIg==",
      "resolved": "https://registry.npmjs.org/@duskmoon-dev/core/-/core-1.17.0.tgz",
      "version": "1.17.0"
    },
    "node_modules/tailwindcss": {
      "integrity": "sha512-gOhV3P7ufE62QDGg1zVaTgCR+EtPv92k2nIhVcVKcLmxT1sUBsQGhnZj175j+MqRt4zLF7ic+sCYjfhxMxj7YQ==",
      "resolved": "https://registry.npmjs.org/tailwindcss/-/tailwindcss-4.3.3.tgz",
      "version": "4.3.3"
    }
  },
  "requires": true,
  "x-npm-ex": {
    "policy": {
      "allow_registry_redirects": false,
      "allowed_registries": [
        "https://registry.npmjs.org"
      ],
      "block_exotic_subdeps": true,
      "exotic_deps": []
    }
  }
}
